
Microsoft Visual Studio Solution File, Format Version 10.00
# Visual C# Express 2008
Project("{FAE04EC0-301F-11D3-BF4B-00C04F79EFBC}") = "Tutorial4", "Tutorial4\Tutorial4.csproj", "{CCB9022C-A429-4AF6-A931-E72043D42FE2}"
EndProject
Global
	GlobalSection(SolutionConfigurationPlatforms) = preSolution
		Debug|x86 = Debug|x86
		Release|x86 = Release|x86
	EndGlobalSection
	GlobalSection(ProjectConfigurationPlatforms) = postSolution
		{CCB9022C-A429-4AF6-A931-E72043D42FE2}.Debug|x86.ActiveCfg = Debug|x86
		{CCB9022C-A429-4AF6-A931-E72043D42FE2}.Debug|x86.Build.0 = Debug|x86
		{CCB9022C-A429-4AF6-A931-E72043D42FE2}.Release|x86.ActiveCfg = Release|x86
		{CCB9022C-A429-4AF6-A931-E72043D42FE2}.Release|x86.Build.0 = Release|x86
		{49BF62CD-BF90-4A84-8278-12D3FF8012E4}.Debug|x86.ActiveCfg = Debug|x86
		{49BF62CD-BF90-4A84-8278-12D3FF8012E4}.Release|x86.ActiveCfg = Release|x86
	EndGlobalSection
	GlobalSection(SolutionProperties) = preSolution
		HideSolutionNode = FALSE
	EndGlobalSection
EndGlobal
