
Microsoft Visual Studio Solution File, Format Version 10.00
# Visual C# Express 2008
Project("{FAE04EC0-301F-11D3-BF4B-00C04F79EFBC}") = "JitterDemo", "JitterDemo\JitterDemo.csproj", "{35F16315-3161-4D05-99AF-6C664F5A6249}"
EndProject
Global
	GlobalSection(SolutionConfigurationPlatforms) = preSolution
		Debug|Any CPU = Debug|Any CPU
		Debug|Mixed Platforms = Debug|Mixed Platforms
		Debug|x86 = Debug|x86
		Release|Any CPU = Release|Any CPU
		Release|Mixed Platforms = Release|Mixed Platforms
		Release|x86 = Release|x86
	EndGlobalSection
	GlobalSection(ProjectConfigurationPlatforms) = postSolution
		{35F16315-3161-4D05-99AF-6C664F5A6249}.Debug|Any CPU.ActiveCfg = Debug|x86
		{35F16315-3161-4D05-99AF-6C664F5A6249}.Debug|Mixed Platforms.ActiveCfg = Debug|x86
		{35F16315-3161-4D05-99AF-6C664F5A6249}.Debug|Mixed Platforms.Build.0 = Debug|x86
		{35F16315-3161-4D05-99AF-6C664F5A6249}.Debug|x86.ActiveCfg = Debug|x86
		{35F16315-3161-4D05-99AF-6C664F5A6249}.Debug|x86.Build.0 = Debug|x86
		{35F16315-3161-4D05-99AF-6C664F5A6249}.Release|Any CPU.ActiveCfg = Release|x86
		{35F16315-3161-4D05-99AF-6C664F5A6249}.Release|Mixed Platforms.ActiveCfg = Release|x86
		{35F16315-3161-4D05-99AF-6C664F5A6249}.Release|Mixed Platforms.Build.0 = Release|x86
		{35F16315-3161-4D05-99AF-6C664F5A6249}.Release|x86.ActiveCfg = Release|x86
		{35F16315-3161-4D05-99AF-6C664F5A6249}.Release|x86.Build.0 = Release|x86
		{7C78D6F3-B46F-4663-8D86-0ACF14067FBE}.Debug|Any CPU.ActiveCfg = Debug|x86
		{7C78D6F3-B46F-4663-8D86-0ACF14067FBE}.Debug|Mixed Platforms.ActiveCfg = Debug|x86
		{7C78D6F3-B46F-4663-8D86-0ACF14067FBE}.Debug|x86.ActiveCfg = Debug|x86
		{7C78D6F3-B46F-4663-8D86-0ACF14067FBE}.Release|Any CPU.ActiveCfg = Release|x86
		{7C78D6F3-B46F-4663-8D86-0ACF14067FBE}.Release|Mixed Platforms.ActiveCfg = Release|x86
		{7C78D6F3-B46F-4663-8D86-0ACF14067FBE}.Release|x86.ActiveCfg = Release|x86
	EndGlobalSection
	GlobalSection(SolutionProperties) = preSolution
		HideSolutionNode = FALSE
	EndGlobalSection
EndGlobal
