
Microsoft Visual Studio Solution File, Format Version 10.00
# Visual Studio 2008
Project("{2150E333-8FDC-42A3-9474-1A3956D46DE8}") = "Simulator", "Simulator", "{5CFEFDAA-1FA7-4F8A-A068-B57C1B3B7DBB}"
EndProject
Project("{2150E333-8FDC-42A3-9474-1A3956D46DE8}") = "Physics", "Physics", "{3E720A4E-CF89-477C-ABBA-4972D640D4E0}"
EndProject
Project("{2150E333-8FDC-42A3-9474-1A3956D46DE8}") = "Control", "Control", "{CC526118-A507-4184-9787-B90B259A5B5F}"
EndProject
Project("{2150E333-8FDC-42A3-9474-1A3956D46DE8}") = "Sensors", "Sensors", "{38B7B31B-E698-4C0E-9E49-F4E3A5CBE4BE}"
EndProject
Project("{2150E333-8FDC-42A3-9474-1A3956D46DE8}") = "State", "State", "{A424FB05-3265-4F27-9967-AFD74464B27A}"
EndProject
Project("{FAE04EC0-301F-11D3-BF4B-00C04F79EFBC}") = "Control", "Control\Control\Control.csproj", "{8093CA9F-1AA7-4F15-8E07-ABEB49B4582D}"
EndProject
Project("{FAE04EC0-301F-11D3-BF4B-00C04F79EFBC}") = "Control.Common", "Control\Control.Common\Control.Common.csproj", "{E47952F3-694A-4A06-B6F3-66EE2D6FF01F}"
EndProject
Project("{FAE04EC0-301F-11D3-BF4B-00C04F79EFBC}") = "Physics", "Physics\Physics\Physics.csproj", "{A2EC5D62-5E19-4E03-A149-DBAB64DAF877}"
EndProject
Project("{FAE04EC0-301F-11D3-BF4B-00C04F79EFBC}") = "Sensors", "Sensors\Sensors.csproj", "{94EB75CB-2EC0-44E5-BAA5-CACD33EF4F62}"
EndProject
Project("{FAE04EC0-301F-11D3-BF4B-00C04F79EFBC}") = "State", "State\State\State.csproj", "{273CD9D4-780E-4967-B518-4E9FCCFA7F9D}"
EndProject
Project("{FAE04EC0-301F-11D3-BF4B-00C04F79EFBC}") = "State.Common", "State\State.Common\State.Common.csproj", "{B8D71FAD-B43D-49C9-9C46-615D47EF9E83}"
EndProject
Project("{FAE04EC0-301F-11D3-BF4B-00C04F79EFBC}") = "HelicopterSim", "Startup\HelicopterSim\HelicopterSim.csproj", "{FE53963F-A6D3-48C4-9209-F96F68E2C7FB}"
EndProject
Project("{FAE04EC0-301F-11D3-BF4B-00C04F79EFBC}") = "Simulator.Common", "Simulator\Simulator.Common\Simulator.Common.csproj", "{656921DA-A577-47A3-ABB1-AEB3EE442371}"
EndProject
Project("{FAE04EC0-301F-11D3-BF4B-00C04F79EFBC}") = "Simulator.Utils", "Simulator\Simulator.Utils\Simulator.Utils.csproj", "{5E1B4EDB-EE67-48C3-9A28-45707F720945}"
EndProject
Project("{FAE04EC0-301F-11D3-BF4B-00C04F79EFBC}") = "Simulator", "Simulator\Simulator\Simulator.csproj", "{06EC9914-93B9-4983-A27C-4AD473D1C17D}"
EndProject
Project("{FAE04EC0-301F-11D3-BF4B-00C04F79EFBC}") = "Simulator.UI", "Simulator\Simulator\Simulator.UI\Simulator.UI.csproj", "{B53042AE-FBE8-4F01-B732-C25F25DBA594}"
EndProject
Project("{2150E333-8FDC-42A3-9474-1A3956D46DE8}") = "Solution Items", "Solution Items", "{D15018C6-1D89-4E7A-847B-C9C1B649D4D0}"
EndProject
Project("{2150E333-8FDC-42A3-9474-1A3956D46DE8}") = "Tests", "Tests", "{362925B9-7DFE-498B-B2B4-1DB7DB4C1E90}"
EndProject
Project("{FAE04EC0-301F-11D3-BF4B-00C04F79EFBC}") = "HelicopterSim.Tests.Sensors", "Tests\HelicopterSim.Tests.Sensors\HelicopterSim.Tests.Sensors.csproj", "{51232812-76D5-44E6-A0C4-A23070A3DF7D}"
EndProject
Project("{FAE04EC0-301F-11D3-BF4B-00C04F79EFBC}") = "HelicopterSim.Tests.Control", "Tests\HelicopterSim.Tests.Control\HelicopterSim.Tests.Control.csproj", "{C9F8C76F-669B-423E-B1C1-2088BF599B5A}"
EndProject
Project("{FAE04EC0-301F-11D3-BF4B-00C04F79EFBC}") = "Tests.ControlGraphs", "Tests\Tests.ControlGraphs\Tests.ControlGraphs.csproj", "{5CDAEA1A-A23C-4A98-B8CC-84F77B0DBC6C}"
EndProject
Project("{2150E333-8FDC-42A3-9474-1A3956D46DE8}") = "Libs", "Libs", "{076DC133-E322-4030-A17D-2F93F1F4EAF1}"
EndProject
Project("{FAE04EC0-301F-11D3-BF4B-00C04F79EFBC}") = "Swordfish.WPF.Charts.2008", "Libs\swordfishcharts-0.6\Swordfish.WPF.Charts\Swordfish.WPF.Charts.2008.csproj", "{455B0C11-236A-4A4E-956F-1A3E41B7260B}"
EndProject
Project("{2150E333-8FDC-42A3-9474-1A3956D46DE8}") = "Anj", "Anj", "{710E72CB-D78E-4BE1-91E4-45AFC3243632}"
EndProject
Project("{FAE04EC0-301F-11D3-BF4B-00C04F79EFBC}") = "Anj.Helpers.XNA", "Anj\Helpers\Anj.Helpers.XNA\Anj.Helpers.XNA.csproj", "{BEE9A6ED-DFD6-4343-989C-3C11387FB1EF}"
EndProject
Project("{FAE04EC0-301F-11D3-BF4B-00C04F79EFBC}") = "HelicopterSim.Tests", "Tests\HelicopterSim.Tests\HelicopterSim.Tests.csproj", "{1EF3A833-B7A7-4498-B00E-1A6FB054D2D6}"
EndProject
Project("{2150E333-8FDC-42A3-9474-1A3956D46DE8}") = "LTree", "LTree", "{84CCB653-E4BA-4AF0-9B77-7AA42E18F0F2}"
EndProject
Project("{FAE04EC0-301F-11D3-BF4B-00C04F79EFBC}") = "LTreesLibrary", "Libs\LTrees-source-2.0a\LTreesLibrary\LTreesLibrary.csproj", "{8AAAB1D0-6C1D-4F92-851B-56D4611A6D1E}"
EndProject
Project("{FAE04EC0-301F-11D3-BF4B-00C04F79EFBC}") = "LTreesPipeline", "Libs\LTrees-source-2.0a\LTreesPipeline\LTreesPipeline.csproj", "{199AA449-800E-4908-BF49-778990A2983A}"
EndProject
Project("{FAE04EC0-301F-11D3-BF4B-00C04F79EFBC}") = "Anj.XNA.Joysticks", "Libs\Anj.XNA.Joysticks\Anj.XNA.Joysticks.csproj", "{CDC059C9-7F7C-49B3-85B6-3C1056BA4495}"
EndProject
Project("{FAE04EC0-301F-11D3-BF4B-00C04F79EFBC}") = "Anj.Helpers.Swordfish", "Anj\Helpers\Anj.Helpers.Swordfish\Anj.Helpers.Swordfish.csproj", "{67716C96-5215-4ECD-BE78-EA5D65F1D4D4}"
EndProject
Project("{2150E333-8FDC-42A3-9474-1A3956D46DE8}") = "Review", "Review", "{0C405C82-B7D8-47FE-B1CA-411B55445642}"
EndProject
Project("{FAE04EC0-301F-11D3-BF4B-00C04F79EFBC}") = "Review", "Review\Review\Review.csproj", "{3A54A351-A089-4AA7-BD92-F8CE7CD44B31}"
EndProject
Project("{FAE04EC0-301F-11D3-BF4B-00C04F79EFBC}") = "Xbox 360 Copy of Anj.Helpers.XNA", "Anj\Helpers\Anj.Helpers.XNA\Xbox 360 Copy of Anj.Helpers.XNA.csproj", "{557F39A5-516D-4FDF-B0BD-5F1DF3226658}"
EndProject
Project("{FAE04EC0-301F-11D3-BF4B-00C04F79EFBC}") = "Xbox 360 Copy of Control.Common", "Control\Control.Common\Xbox 360 Copy of Control.Common.csproj", "{28D4665E-B29E-4B57-9529-C92721037B6F}"
EndProject
Project("{FAE04EC0-301F-11D3-BF4B-00C04F79EFBC}") = "Xbox 360 Copy of Control", "Control\Control\Xbox 360 Copy of Control.csproj", "{F897DC33-53B3-4502-A9DA-7734C9ED5673}"
EndProject
Project("{FAE04EC0-301F-11D3-BF4B-00C04F79EFBC}") = "Xbox 360 Copy of LTreesLibrary", "Libs\LTrees-source-2.0a\LTreesLibrary\Xbox 360 Copy of LTreesLibrary.csproj", "{76743665-113E-493D-8815-C13C3BC627AA}"
EndProject
Project("{FAE04EC0-301F-11D3-BF4B-00C04F79EFBC}") = "Xbox 360 Copy of State.Common", "State\State.Common\Xbox 360 Copy of State.Common.csproj", "{138FF542-3138-41D4-AE8A-55B89323D70F}"
EndProject
Project("{FAE04EC0-301F-11D3-BF4B-00C04F79EFBC}") = "Xbox 360 Copy of Physics", "Physics\Physics\Xbox 360 Copy of Physics.csproj", "{DD3F2A71-F3E6-4F36-BB25-3CA3CFCDD264}"
EndProject
Project("{FAE04EC0-301F-11D3-BF4B-00C04F79EFBC}") = "Xbox 360 Copy of Sensors", "Sensors\Xbox 360 Copy of Sensors.csproj", "{3B4136DE-D627-4A93-9C6C-DA858BF3E370}"
EndProject
Project("{FAE04EC0-301F-11D3-BF4B-00C04F79EFBC}") = "Xbox 360 Copy of State", "State\State\Xbox 360 Copy of State.csproj", "{AE00E5B6-86C9-4BBB-8884-6119A3909014}"
EndProject
Project("{FAE04EC0-301F-11D3-BF4B-00C04F79EFBC}") = "Xbox 360 Copy of Simulator.Common", "Simulator\Simulator.Common\Xbox 360 Copy of Simulator.Common.csproj", "{B74CE06F-3295-49F9-947C-9E34A1881690}"
EndProject
Project("{FAE04EC0-301F-11D3-BF4B-00C04F79EFBC}") = "Xbox 360 Copy of Simulator.Utils", "Simulator\Simulator.Utils\Xbox 360 Copy of Simulator.Utils.csproj", "{9C3C7A78-BD84-4CAB-8BB0-E7719BB58231}"
EndProject
Project("{FAE04EC0-301F-11D3-BF4B-00C04F79EFBC}") = "Xbox 360 Copy of Simulator", "Simulator\Simulator\Xbox 360 Copy of Simulator.csproj", "{76E4EDE3-20C1-48D4-A832-C92130D81E89}"
EndProject
Project("{FAE04EC0-301F-11D3-BF4B-00C04F79EFBC}") = "Xbox 360 Copy of HelicopterSim", "Startup\HelicopterSim\Xbox 360 Copy of HelicopterSim.csproj", "{2B6B504C-03C1-4928-A0A6-E5B557B20231}"
EndProject
Project("{FAE04EC0-301F-11D3-BF4B-00C04F79EFBC}") = "State.Model", "State\State.Model\State.Model.csproj", "{C44BE819-51AC-4B92-A39D-123C01299EF3}"
EndProject
Project("{FAE04EC0-301F-11D3-BF4B-00C04F79EFBC}") = "Xbox 360 Copy of State.Model", "State\State.Model\Xbox 360 Copy of State.Model.csproj", "{1876CD6F-B8A6-4E66-8A18-F04EE09E17D7}"
EndProject
Project("{FAE04EC0-301F-11D3-BF4B-00C04F79EFBC}") = "Simulator.Interfaces", "Simulator\Simulator.Interfaces\Simulator.Interfaces.csproj", "{0BB11D21-145F-47A4-AC89-713D43228635}"
EndProject
Project("{FAE04EC0-301F-11D3-BF4B-00C04F79EFBC}") = "Xbox 360 Copy of Simulator.Interfaces", "Simulator\Simulator.Interfaces\Xbox 360 Copy of Simulator.Interfaces.csproj", "{6427C3E7-250A-4F5D-88B0-F22F230E6F9D}"
EndProject
Project("{FAE04EC0-301F-11D3-BF4B-00C04F79EFBC}") = "Sensors.Model", "Sensors\Sensors.Model\Sensors.Model.csproj", "{F273AD46-FE97-46D6-86F3-ECC85D771841}"
EndProject
Project("{FAE04EC0-301F-11D3-BF4B-00C04F79EFBC}") = "Xbox 360 Copy of Sensors.Model", "Sensors\Sensors.Model\Xbox 360 Copy of Sensors.Model.csproj", "{24293460-87E2-4A5F-B3B1-FF14EE0CFD50}"
EndProject
Project("{FAE04EC0-301F-11D3-BF4B-00C04F79EFBC}") = "Physics.Common", "Physics\Physics.Common\Physics.Common.csproj", "{6679B885-8D10-41FC-8D54-2D6F64C3F74F}"
EndProject
Project("{FAE04EC0-301F-11D3-BF4B-00C04F79EFBC}") = "Xbox 360 Copy of Physics.Common", "Physics\Physics.Common\Xbox 360 Copy of Physics.Common.csproj", "{4FB88752-EEDB-476E-859E-825FDC83F567}"
EndProject
Project("{FAE04EC0-301F-11D3-BF4B-00C04F79EFBC}") = "Anj.Helpers.NET", "Anj\Helpers\Anj.Helpers.NET\Anj.Helpers.NET.csproj", "{F8B400EE-C71F-4F81-9AF2-170F728F03B1}"
EndProject
Project("{FAE04EC0-301F-11D3-BF4B-00C04F79EFBC}") = "Xbox 360 Copy of Anj.Helpers.NET", "Anj\Helpers\Anj.Helpers.NET\Xbox 360 Copy of Anj.Helpers.NET.csproj", "{8F0BE983-4D7E-4A47-BD63-5CB9A8E82185}"
EndProject
Global
	GlobalSection(SolutionConfigurationPlatforms) = preSolution
		Debug|Any CPU = Debug|Any CPU
		Debug|Mixed Platforms = Debug|Mixed Platforms
		Debug|x86 = Debug|x86
		Debug|Xbox 360 = Debug|Xbox 360
		Debug|Zune = Debug|Zune
		Release|Any CPU = Release|Any CPU
		Release|Mixed Platforms = Release|Mixed Platforms
		Release|x86 = Release|x86
		Release|Xbox 360 = Release|Xbox 360
		Release|Zune = Release|Zune
	EndGlobalSection
	GlobalSection(ProjectConfigurationPlatforms) = postSolution
		{8093CA9F-1AA7-4F15-8E07-ABEB49B4582D}.Debug|Any CPU.ActiveCfg = Debug|x86
		{8093CA9F-1AA7-4F15-8E07-ABEB49B4582D}.Debug|Mixed Platforms.ActiveCfg = Debug|x86
		{8093CA9F-1AA7-4F15-8E07-ABEB49B4582D}.Debug|Mixed Platforms.Build.0 = Debug|x86
		{8093CA9F-1AA7-4F15-8E07-ABEB49B4582D}.Debug|x86.ActiveCfg = Debug|x86
		{8093CA9F-1AA7-4F15-8E07-ABEB49B4582D}.Debug|x86.Build.0 = Debug|x86
		{8093CA9F-1AA7-4F15-8E07-ABEB49B4582D}.Debug|Xbox 360.ActiveCfg = Debug|x86
		{8093CA9F-1AA7-4F15-8E07-ABEB49B4582D}.Debug|Zune.ActiveCfg = Debug|x86
		{8093CA9F-1AA7-4F15-8E07-ABEB49B4582D}.Release|Any CPU.ActiveCfg = Release|x86
		{8093CA9F-1AA7-4F15-8E07-ABEB49B4582D}.Release|Mixed Platforms.ActiveCfg = Release|x86
		{8093CA9F-1AA7-4F15-8E07-ABEB49B4582D}.Release|Mixed Platforms.Build.0 = Release|x86
		{8093CA9F-1AA7-4F15-8E07-ABEB49B4582D}.Release|x86.ActiveCfg = Release|x86
		{8093CA9F-1AA7-4F15-8E07-ABEB49B4582D}.Release|x86.Build.0 = Release|x86
		{8093CA9F-1AA7-4F15-8E07-ABEB49B4582D}.Release|Xbox 360.ActiveCfg = Release|x86
		{8093CA9F-1AA7-4F15-8E07-ABEB49B4582D}.Release|Zune.ActiveCfg = Release|x86
		{E47952F3-694A-4A06-B6F3-66EE2D6FF01F}.Debug|Any CPU.ActiveCfg = Debug|x86
		{E47952F3-694A-4A06-B6F3-66EE2D6FF01F}.Debug|Mixed Platforms.ActiveCfg = Debug|x86
		{E47952F3-694A-4A06-B6F3-66EE2D6FF01F}.Debug|Mixed Platforms.Build.0 = Debug|x86
		{E47952F3-694A-4A06-B6F3-66EE2D6FF01F}.Debug|x86.ActiveCfg = Debug|x86
		{E47952F3-694A-4A06-B6F3-66EE2D6FF01F}.Debug|x86.Build.0 = Debug|x86
		{E47952F3-694A-4A06-B6F3-66EE2D6FF01F}.Debug|Xbox 360.ActiveCfg = Debug|x86
		{E47952F3-694A-4A06-B6F3-66EE2D6FF01F}.Debug|Zune.ActiveCfg = Debug|x86
		{E47952F3-694A-4A06-B6F3-66EE2D6FF01F}.Release|Any CPU.ActiveCfg = Release|x86
		{E47952F3-694A-4A06-B6F3-66EE2D6FF01F}.Release|Mixed Platforms.ActiveCfg = Release|x86
		{E47952F3-694A-4A06-B6F3-66EE2D6FF01F}.Release|Mixed Platforms.Build.0 = Release|x86
		{E47952F3-694A-4A06-B6F3-66EE2D6FF01F}.Release|x86.ActiveCfg = Release|x86
		{E47952F3-694A-4A06-B6F3-66EE2D6FF01F}.Release|x86.Build.0 = Release|x86
		{E47952F3-694A-4A06-B6F3-66EE2D6FF01F}.Release|Xbox 360.ActiveCfg = Release|x86
		{E47952F3-694A-4A06-B6F3-66EE2D6FF01F}.Release|Zune.ActiveCfg = Release|x86
		{A2EC5D62-5E19-4E03-A149-DBAB64DAF877}.Debug|Any CPU.ActiveCfg = Debug|x86
		{A2EC5D62-5E19-4E03-A149-DBAB64DAF877}.Debug|Mixed Platforms.ActiveCfg = Debug|x86
		{A2EC5D62-5E19-4E03-A149-DBAB64DAF877}.Debug|Mixed Platforms.Build.0 = Debug|x86
		{A2EC5D62-5E19-4E03-A149-DBAB64DAF877}.Debug|x86.ActiveCfg = Debug|x86
		{A2EC5D62-5E19-4E03-A149-DBAB64DAF877}.Debug|x86.Build.0 = Debug|x86
		{A2EC5D62-5E19-4E03-A149-DBAB64DAF877}.Debug|Xbox 360.ActiveCfg = Debug|x86
		{A2EC5D62-5E19-4E03-A149-DBAB64DAF877}.Debug|Zune.ActiveCfg = Debug|x86
		{A2EC5D62-5E19-4E03-A149-DBAB64DAF877}.Release|Any CPU.ActiveCfg = Release|x86
		{A2EC5D62-5E19-4E03-A149-DBAB64DAF877}.Release|Mixed Platforms.ActiveCfg = Release|x86
		{A2EC5D62-5E19-4E03-A149-DBAB64DAF877}.Release|Mixed Platforms.Build.0 = Release|x86
		{A2EC5D62-5E19-4E03-A149-DBAB64DAF877}.Release|x86.ActiveCfg = Release|x86
		{A2EC5D62-5E19-4E03-A149-DBAB64DAF877}.Release|x86.Build.0 = Release|x86
		{A2EC5D62-5E19-4E03-A149-DBAB64DAF877}.Release|Xbox 360.ActiveCfg = Release|x86
		{A2EC5D62-5E19-4E03-A149-DBAB64DAF877}.Release|Zune.ActiveCfg = Release|x86
		{94EB75CB-2EC0-44E5-BAA5-CACD33EF4F62}.Debug|Any CPU.ActiveCfg = Debug|x86
		{94EB75CB-2EC0-44E5-BAA5-CACD33EF4F62}.Debug|Mixed Platforms.ActiveCfg = Debug|x86
		{94EB75CB-2EC0-44E5-BAA5-CACD33EF4F62}.Debug|Mixed Platforms.Build.0 = Debug|x86
		{94EB75CB-2EC0-44E5-BAA5-CACD33EF4F62}.Debug|x86.ActiveCfg = Debug|x86
		{94EB75CB-2EC0-44E5-BAA5-CACD33EF4F62}.Debug|x86.Build.0 = Debug|x86
		{94EB75CB-2EC0-44E5-BAA5-CACD33EF4F62}.Debug|Xbox 360.ActiveCfg = Debug|x86
		{94EB75CB-2EC0-44E5-BAA5-CACD33EF4F62}.Debug|Zune.ActiveCfg = Debug|x86
		{94EB75CB-2EC0-44E5-BAA5-CACD33EF4F62}.Release|Any CPU.ActiveCfg = Release|x86
		{94EB75CB-2EC0-44E5-BAA5-CACD33EF4F62}.Release|Mixed Platforms.ActiveCfg = Release|x86
		{94EB75CB-2EC0-44E5-BAA5-CACD33EF4F62}.Release|Mixed Platforms.Build.0 = Release|x86
		{94EB75CB-2EC0-44E5-BAA5-CACD33EF4F62}.Release|x86.ActiveCfg = Release|x86
		{94EB75CB-2EC0-44E5-BAA5-CACD33EF4F62}.Release|x86.Build.0 = Release|x86
		{94EB75CB-2EC0-44E5-BAA5-CACD33EF4F62}.Release|Xbox 360.ActiveCfg = Release|x86
		{94EB75CB-2EC0-44E5-BAA5-CACD33EF4F62}.Release|Zune.ActiveCfg = Release|x86
		{273CD9D4-780E-4967-B518-4E9FCCFA7F9D}.Debug|Any CPU.ActiveCfg = Debug|x86
		{273CD9D4-780E-4967-B518-4E9FCCFA7F9D}.Debug|Mixed Platforms.ActiveCfg = Debug|x86
		{273CD9D4-780E-4967-B518-4E9FCCFA7F9D}.Debug|Mixed Platforms.Build.0 = Debug|x86
		{273CD9D4-780E-4967-B518-4E9FCCFA7F9D}.Debug|x86.ActiveCfg = Debug|x86
		{273CD9D4-780E-4967-B518-4E9FCCFA7F9D}.Debug|x86.Build.0 = Debug|x86
		{273CD9D4-780E-4967-B518-4E9FCCFA7F9D}.Debug|Xbox 360.ActiveCfg = Debug|x86
		{273CD9D4-780E-4967-B518-4E9FCCFA7F9D}.Debug|Zune.ActiveCfg = Debug|x86
		{273CD9D4-780E-4967-B518-4E9FCCFA7F9D}.Release|Any CPU.ActiveCfg = Release|x86
		{273CD9D4-780E-4967-B518-4E9FCCFA7F9D}.Release|Mixed Platforms.ActiveCfg = Release|x86
		{273CD9D4-780E-4967-B518-4E9FCCFA7F9D}.Release|Mixed Platforms.Build.0 = Release|x86
		{273CD9D4-780E-4967-B518-4E9FCCFA7F9D}.Release|x86.ActiveCfg = Release|x86
		{273CD9D4-780E-4967-B518-4E9FCCFA7F9D}.Release|x86.Build.0 = Release|x86
		{273CD9D4-780E-4967-B518-4E9FCCFA7F9D}.Release|Xbox 360.ActiveCfg = Release|x86
		{273CD9D4-780E-4967-B518-4E9FCCFA7F9D}.Release|Zune.ActiveCfg = Release|x86
		{B8D71FAD-B43D-49C9-9C46-615D47EF9E83}.Debug|Any CPU.ActiveCfg = Debug|x86
		{B8D71FAD-B43D-49C9-9C46-615D47EF9E83}.Debug|Mixed Platforms.ActiveCfg = Debug|x86
		{B8D71FAD-B43D-49C9-9C46-615D47EF9E83}.Debug|Mixed Platforms.Build.0 = Debug|x86
		{B8D71FAD-B43D-49C9-9C46-615D47EF9E83}.Debug|x86.ActiveCfg = Debug|x86
		{B8D71FAD-B43D-49C9-9C46-615D47EF9E83}.Debug|x86.Build.0 = Debug|x86
		{B8D71FAD-B43D-49C9-9C46-615D47EF9E83}.Debug|Xbox 360.ActiveCfg = Debug|x86
		{B8D71FAD-B43D-49C9-9C46-615D47EF9E83}.Debug|Zune.ActiveCfg = Debug|x86
		{B8D71FAD-B43D-49C9-9C46-615D47EF9E83}.Release|Any CPU.ActiveCfg = Release|x86
		{B8D71FAD-B43D-49C9-9C46-615D47EF9E83}.Release|Mixed Platforms.ActiveCfg = Release|x86
		{B8D71FAD-B43D-49C9-9C46-615D47EF9E83}.Release|Mixed Platforms.Build.0 = Release|x86
		{B8D71FAD-B43D-49C9-9C46-615D47EF9E83}.Release|x86.ActiveCfg = Release|x86
		{B8D71FAD-B43D-49C9-9C46-615D47EF9E83}.Release|x86.Build.0 = Release|x86
		{B8D71FAD-B43D-49C9-9C46-615D47EF9E83}.Release|Xbox 360.ActiveCfg = Release|x86
		{B8D71FAD-B43D-49C9-9C46-615D47EF9E83}.Release|Zune.ActiveCfg = Release|x86
		{FE53963F-A6D3-48C4-9209-F96F68E2C7FB}.Debug|Any CPU.ActiveCfg = Debug|x86
		{FE53963F-A6D3-48C4-9209-F96F68E2C7FB}.Debug|Mixed Platforms.ActiveCfg = Debug|x86
		{FE53963F-A6D3-48C4-9209-F96F68E2C7FB}.Debug|Mixed Platforms.Build.0 = Debug|x86
		{FE53963F-A6D3-48C4-9209-F96F68E2C7FB}.Debug|x86.ActiveCfg = Debug|x86
		{FE53963F-A6D3-48C4-9209-F96F68E2C7FB}.Debug|x86.Build.0 = Debug|x86
		{FE53963F-A6D3-48C4-9209-F96F68E2C7FB}.Debug|Xbox 360.ActiveCfg = Debug|x86
		{FE53963F-A6D3-48C4-9209-F96F68E2C7FB}.Debug|Zune.ActiveCfg = Debug|x86
		{FE53963F-A6D3-48C4-9209-F96F68E2C7FB}.Release|Any CPU.ActiveCfg = Release|x86
		{FE53963F-A6D3-48C4-9209-F96F68E2C7FB}.Release|Mixed Platforms.ActiveCfg = Release|x86
		{FE53963F-A6D3-48C4-9209-F96F68E2C7FB}.Release|Mixed Platforms.Build.0 = Release|x86
		{FE53963F-A6D3-48C4-9209-F96F68E2C7FB}.Release|x86.ActiveCfg = Release|x86
		{FE53963F-A6D3-48C4-9209-F96F68E2C7FB}.Release|x86.Build.0 = Release|x86
		{FE53963F-A6D3-48C4-9209-F96F68E2C7FB}.Release|Xbox 360.ActiveCfg = Release|x86
		{FE53963F-A6D3-48C4-9209-F96F68E2C7FB}.Release|Zune.ActiveCfg = Release|x86
		{656921DA-A577-47A3-ABB1-AEB3EE442371}.Debug|Any CPU.ActiveCfg = Debug|x86
		{656921DA-A577-47A3-ABB1-AEB3EE442371}.Debug|Mixed Platforms.ActiveCfg = Debug|x86
		{656921DA-A577-47A3-ABB1-AEB3EE442371}.Debug|Mixed Platforms.Build.0 = Debug|x86
		{656921DA-A577-47A3-ABB1-AEB3EE442371}.Debug|x86.ActiveCfg = Debug|x86
		{656921DA-A577-47A3-ABB1-AEB3EE442371}.Debug|x86.Build.0 = Debug|x86
		{656921DA-A577-47A3-ABB1-AEB3EE442371}.Debug|Xbox 360.ActiveCfg = Debug|x86
		{656921DA-A577-47A3-ABB1-AEB3EE442371}.Debug|Zune.ActiveCfg = Debug|x86
		{656921DA-A577-47A3-ABB1-AEB3EE442371}.Release|Any CPU.ActiveCfg = Release|x86
		{656921DA-A577-47A3-ABB1-AEB3EE442371}.Release|Mixed Platforms.ActiveCfg = Release|x86
		{656921DA-A577-47A3-ABB1-AEB3EE442371}.Release|Mixed Platforms.Build.0 = Release|x86
		{656921DA-A577-47A3-ABB1-AEB3EE442371}.Release|x86.ActiveCfg = Release|x86
		{656921DA-A577-47A3-ABB1-AEB3EE442371}.Release|x86.Build.0 = Release|x86
		{656921DA-A577-47A3-ABB1-AEB3EE442371}.Release|Xbox 360.ActiveCfg = Release|x86
		{656921DA-A577-47A3-ABB1-AEB3EE442371}.Release|Zune.ActiveCfg = Release|x86
		{5E1B4EDB-EE67-48C3-9A28-45707F720945}.Debug|Any CPU.ActiveCfg = Debug|x86
		{5E1B4EDB-EE67-48C3-9A28-45707F720945}.Debug|Mixed Platforms.ActiveCfg = Debug|x86
		{5E1B4EDB-EE67-48C3-9A28-45707F720945}.Debug|Mixed Platforms.Build.0 = Debug|x86
		{5E1B4EDB-EE67-48C3-9A28-45707F720945}.Debug|x86.ActiveCfg = Debug|x86
		{5E1B4EDB-EE67-48C3-9A28-45707F720945}.Debug|x86.Build.0 = Debug|x86
		{5E1B4EDB-EE67-48C3-9A28-45707F720945}.Debug|Xbox 360.ActiveCfg = Debug|x86
		{5E1B4EDB-EE67-48C3-9A28-45707F720945}.Debug|Zune.ActiveCfg = Debug|x86
		{5E1B4EDB-EE67-48C3-9A28-45707F720945}.Release|Any CPU.ActiveCfg = Release|x86
		{5E1B4EDB-EE67-48C3-9A28-45707F720945}.Release|Mixed Platforms.ActiveCfg = Release|x86
		{5E1B4EDB-EE67-48C3-9A28-45707F720945}.Release|Mixed Platforms.Build.0 = Release|x86
		{5E1B4EDB-EE67-48C3-9A28-45707F720945}.Release|x86.ActiveCfg = Release|x86
		{5E1B4EDB-EE67-48C3-9A28-45707F720945}.Release|x86.Build.0 = Release|x86
		{5E1B4EDB-EE67-48C3-9A28-45707F720945}.Release|Xbox 360.ActiveCfg = Release|x86
		{5E1B4EDB-EE67-48C3-9A28-45707F720945}.Release|Zune.ActiveCfg = Release|x86
		{06EC9914-93B9-4983-A27C-4AD473D1C17D}.Debug|Any CPU.ActiveCfg = Debug|x86
		{06EC9914-93B9-4983-A27C-4AD473D1C17D}.Debug|Mixed Platforms.ActiveCfg = Debug|x86
		{06EC9914-93B9-4983-A27C-4AD473D1C17D}.Debug|Mixed Platforms.Build.0 = Debug|x86
		{06EC9914-93B9-4983-A27C-4AD473D1C17D}.Debug|x86.ActiveCfg = Debug|x86
		{06EC9914-93B9-4983-A27C-4AD473D1C17D}.Debug|x86.Build.0 = Debug|x86
		{06EC9914-93B9-4983-A27C-4AD473D1C17D}.Debug|Xbox 360.ActiveCfg = Debug|x86
		{06EC9914-93B9-4983-A27C-4AD473D1C17D}.Debug|Zune.ActiveCfg = Debug|x86
		{06EC9914-93B9-4983-A27C-4AD473D1C17D}.Release|Any CPU.ActiveCfg = Release|x86
		{06EC9914-93B9-4983-A27C-4AD473D1C17D}.Release|Mixed Platforms.ActiveCfg = Release|x86
		{06EC9914-93B9-4983-A27C-4AD473D1C17D}.Release|Mixed Platforms.Build.0 = Release|x86
		{06EC9914-93B9-4983-A27C-4AD473D1C17D}.Release|x86.ActiveCfg = Release|x86
		{06EC9914-93B9-4983-A27C-4AD473D1C17D}.Release|x86.Build.0 = Release|x86
		{06EC9914-93B9-4983-A27C-4AD473D1C17D}.Release|Xbox 360.ActiveCfg = Release|x86
		{06EC9914-93B9-4983-A27C-4AD473D1C17D}.Release|Zune.ActiveCfg = Release|x86
		{B53042AE-FBE8-4F01-B732-C25F25DBA594}.Debug|Any CPU.ActiveCfg = Debug|Any CPU
		{B53042AE-FBE8-4F01-B732-C25F25DBA594}.Debug|Any CPU.Build.0 = Debug|Any CPU
		{B53042AE-FBE8-4F01-B732-C25F25DBA594}.Debug|Mixed Platforms.ActiveCfg = Debug|x86
		{B53042AE-FBE8-4F01-B732-C25F25DBA594}.Debug|Mixed Platforms.Build.0 = Debug|x86
		{B53042AE-FBE8-4F01-B732-C25F25DBA594}.Debug|x86.ActiveCfg = Debug|x86
		{B53042AE-FBE8-4F01-B732-C25F25DBA594}.Debug|x86.Build.0 = Debug|x86
		{B53042AE-FBE8-4F01-B732-C25F25DBA594}.Debug|Xbox 360.ActiveCfg = Debug|Any CPU
		{B53042AE-FBE8-4F01-B732-C25F25DBA594}.Debug|Zune.ActiveCfg = Debug|Any CPU
		{B53042AE-FBE8-4F01-B732-C25F25DBA594}.Release|Any CPU.ActiveCfg = Release|Any CPU
		{B53042AE-FBE8-4F01-B732-C25F25DBA594}.Release|Any CPU.Build.0 = Release|Any CPU
		{B53042AE-FBE8-4F01-B732-C25F25DBA594}.Release|Mixed Platforms.ActiveCfg = Release|x86
		{B53042AE-FBE8-4F01-B732-C25F25DBA594}.Release|Mixed Platforms.Build.0 = Release|x86
		{B53042AE-FBE8-4F01-B732-C25F25DBA594}.Release|x86.ActiveCfg = Release|x86
		{B53042AE-FBE8-4F01-B732-C25F25DBA594}.Release|x86.Build.0 = Release|x86
		{B53042AE-FBE8-4F01-B732-C25F25DBA594}.Release|Xbox 360.ActiveCfg = Release|Any CPU
		{B53042AE-FBE8-4F01-B732-C25F25DBA594}.Release|Zune.ActiveCfg = Release|Any CPU
		{51232812-76D5-44E6-A0C4-A23070A3DF7D}.Debug|Any CPU.ActiveCfg = Debug|x86
		{51232812-76D5-44E6-A0C4-A23070A3DF7D}.Debug|Mixed Platforms.ActiveCfg = Debug|x86
		{51232812-76D5-44E6-A0C4-A23070A3DF7D}.Debug|Mixed Platforms.Build.0 = Debug|x86
		{51232812-76D5-44E6-A0C4-A23070A3DF7D}.Debug|x86.ActiveCfg = Debug|x86
		{51232812-76D5-44E6-A0C4-A23070A3DF7D}.Debug|x86.Build.0 = Debug|x86
		{51232812-76D5-44E6-A0C4-A23070A3DF7D}.Debug|Xbox 360.ActiveCfg = Debug|x86
		{51232812-76D5-44E6-A0C4-A23070A3DF7D}.Debug|Zune.ActiveCfg = Debug|x86
		{51232812-76D5-44E6-A0C4-A23070A3DF7D}.Release|Any CPU.ActiveCfg = Release|x86
		{51232812-76D5-44E6-A0C4-A23070A3DF7D}.Release|Mixed Platforms.ActiveCfg = Release|x86
		{51232812-76D5-44E6-A0C4-A23070A3DF7D}.Release|Mixed Platforms.Build.0 = Release|x86
		{51232812-76D5-44E6-A0C4-A23070A3DF7D}.Release|x86.ActiveCfg = Release|x86
		{51232812-76D5-44E6-A0C4-A23070A3DF7D}.Release|x86.Build.0 = Release|x86
		{51232812-76D5-44E6-A0C4-A23070A3DF7D}.Release|Xbox 360.ActiveCfg = Release|x86
		{51232812-76D5-44E6-A0C4-A23070A3DF7D}.Release|Zune.ActiveCfg = Release|x86
		{C9F8C76F-669B-423E-B1C1-2088BF599B5A}.Debug|Any CPU.ActiveCfg = Debug|x86
		{C9F8C76F-669B-423E-B1C1-2088BF599B5A}.Debug|Mixed Platforms.ActiveCfg = Debug|x86
		{C9F8C76F-669B-423E-B1C1-2088BF599B5A}.Debug|Mixed Platforms.Build.0 = Debug|x86
		{C9F8C76F-669B-423E-B1C1-2088BF599B5A}.Debug|x86.ActiveCfg = Debug|x86
		{C9F8C76F-669B-423E-B1C1-2088BF599B5A}.Debug|x86.Build.0 = Debug|x86
		{C9F8C76F-669B-423E-B1C1-2088BF599B5A}.Debug|Xbox 360.ActiveCfg = Debug|x86
		{C9F8C76F-669B-423E-B1C1-2088BF599B5A}.Debug|Zune.ActiveCfg = Debug|x86
		{C9F8C76F-669B-423E-B1C1-2088BF599B5A}.Release|Any CPU.ActiveCfg = Release|x86
		{C9F8C76F-669B-423E-B1C1-2088BF599B5A}.Release|Mixed Platforms.ActiveCfg = Release|x86
		{C9F8C76F-669B-423E-B1C1-2088BF599B5A}.Release|Mixed Platforms.Build.0 = Release|x86
		{C9F8C76F-669B-423E-B1C1-2088BF599B5A}.Release|x86.ActiveCfg = Release|x86
		{C9F8C76F-669B-423E-B1C1-2088BF599B5A}.Release|x86.Build.0 = Release|x86
		{C9F8C76F-669B-423E-B1C1-2088BF599B5A}.Release|Xbox 360.ActiveCfg = Release|x86
		{C9F8C76F-669B-423E-B1C1-2088BF599B5A}.Release|Zune.ActiveCfg = Release|x86
		{5CDAEA1A-A23C-4A98-B8CC-84F77B0DBC6C}.Debug|Any CPU.ActiveCfg = Debug|x86
		{5CDAEA1A-A23C-4A98-B8CC-84F77B0DBC6C}.Debug|Mixed Platforms.ActiveCfg = Debug|x86
		{5CDAEA1A-A23C-4A98-B8CC-84F77B0DBC6C}.Debug|Mixed Platforms.Build.0 = Debug|x86
		{5CDAEA1A-A23C-4A98-B8CC-84F77B0DBC6C}.Debug|x86.ActiveCfg = Debug|x86
		{5CDAEA1A-A23C-4A98-B8CC-84F77B0DBC6C}.Debug|x86.Build.0 = Debug|x86
		{5CDAEA1A-A23C-4A98-B8CC-84F77B0DBC6C}.Debug|Xbox 360.ActiveCfg = Debug|x86
		{5CDAEA1A-A23C-4A98-B8CC-84F77B0DBC6C}.Debug|Zune.ActiveCfg = Debug|x86
		{5CDAEA1A-A23C-4A98-B8CC-84F77B0DBC6C}.Release|Any CPU.ActiveCfg = Release|x86
		{5CDAEA1A-A23C-4A98-B8CC-84F77B0DBC6C}.Release|Mixed Platforms.ActiveCfg = Release|x86
		{5CDAEA1A-A23C-4A98-B8CC-84F77B0DBC6C}.Release|Mixed Platforms.Build.0 = Release|x86
		{5CDAEA1A-A23C-4A98-B8CC-84F77B0DBC6C}.Release|x86.ActiveCfg = Release|x86
		{5CDAEA1A-A23C-4A98-B8CC-84F77B0DBC6C}.Release|x86.Build.0 = Release|x86
		{5CDAEA1A-A23C-4A98-B8CC-84F77B0DBC6C}.Release|Xbox 360.ActiveCfg = Release|x86
		{5CDAEA1A-A23C-4A98-B8CC-84F77B0DBC6C}.Release|Zune.ActiveCfg = Release|x86
		{455B0C11-236A-4A4E-956F-1A3E41B7260B}.Debug|Any CPU.ActiveCfg = Debug|Any CPU
		{455B0C11-236A-4A4E-956F-1A3E41B7260B}.Debug|Any CPU.Build.0 = Debug|Any CPU
		{455B0C11-236A-4A4E-956F-1A3E41B7260B}.Debug|Mixed Platforms.ActiveCfg = Debug|x86
		{455B0C11-236A-4A4E-956F-1A3E41B7260B}.Debug|Mixed Platforms.Build.0 = Debug|x86
		{455B0C11-236A-4A4E-956F-1A3E41B7260B}.Debug|x86.ActiveCfg = Debug|x86
		{455B0C11-236A-4A4E-956F-1A3E41B7260B}.Debug|x86.Build.0 = Debug|x86
		{455B0C11-236A-4A4E-956F-1A3E41B7260B}.Debug|Xbox 360.ActiveCfg = Debug|x86
		{455B0C11-236A-4A4E-956F-1A3E41B7260B}.Debug|Zune.ActiveCfg = Debug|x86
		{455B0C11-236A-4A4E-956F-1A3E41B7260B}.Release|Any CPU.ActiveCfg = Release|Any CPU
		{455B0C11-236A-4A4E-956F-1A3E41B7260B}.Release|Any CPU.Build.0 = Release|Any CPU
		{455B0C11-236A-4A4E-956F-1A3E41B7260B}.Release|Mixed Platforms.ActiveCfg = Release|x86
		{455B0C11-236A-4A4E-956F-1A3E41B7260B}.Release|Mixed Platforms.Build.0 = Release|x86
		{455B0C11-236A-4A4E-956F-1A3E41B7260B}.Release|x86.ActiveCfg = Release|x86
		{455B0C11-236A-4A4E-956F-1A3E41B7260B}.Release|x86.Build.0 = Release|x86
		{455B0C11-236A-4A4E-956F-1A3E41B7260B}.Release|Xbox 360.ActiveCfg = Release|x86
		{455B0C11-236A-4A4E-956F-1A3E41B7260B}.Release|Zune.ActiveCfg = Release|x86
		{BEE9A6ED-DFD6-4343-989C-3C11387FB1EF}.Debug|Any CPU.ActiveCfg = Debug|x86
		{BEE9A6ED-DFD6-4343-989C-3C11387FB1EF}.Debug|Mixed Platforms.ActiveCfg = Debug|x86
		{BEE9A6ED-DFD6-4343-989C-3C11387FB1EF}.Debug|Mixed Platforms.Build.0 = Debug|x86
		{BEE9A6ED-DFD6-4343-989C-3C11387FB1EF}.Debug|x86.ActiveCfg = Debug|x86
		{BEE9A6ED-DFD6-4343-989C-3C11387FB1EF}.Debug|x86.Build.0 = Debug|x86
		{BEE9A6ED-DFD6-4343-989C-3C11387FB1EF}.Debug|Xbox 360.ActiveCfg = Debug|x86
		{BEE9A6ED-DFD6-4343-989C-3C11387FB1EF}.Debug|Zune.ActiveCfg = Debug|x86
		{BEE9A6ED-DFD6-4343-989C-3C11387FB1EF}.Release|Any CPU.ActiveCfg = Release|x86
		{BEE9A6ED-DFD6-4343-989C-3C11387FB1EF}.Release|Mixed Platforms.ActiveCfg = Release|x86
		{BEE9A6ED-DFD6-4343-989C-3C11387FB1EF}.Release|Mixed Platforms.Build.0 = Release|x86
		{BEE9A6ED-DFD6-4343-989C-3C11387FB1EF}.Release|x86.ActiveCfg = Release|x86
		{BEE9A6ED-DFD6-4343-989C-3C11387FB1EF}.Release|x86.Build.0 = Release|x86
		{BEE9A6ED-DFD6-4343-989C-3C11387FB1EF}.Release|Xbox 360.ActiveCfg = Release|x86
		{BEE9A6ED-DFD6-4343-989C-3C11387FB1EF}.Release|Zune.ActiveCfg = Release|x86
		{1EF3A833-B7A7-4498-B00E-1A6FB054D2D6}.Debug|Any CPU.ActiveCfg = Debug|Any CPU
		{1EF3A833-B7A7-4498-B00E-1A6FB054D2D6}.Debug|Any CPU.Build.0 = Debug|Any CPU
		{1EF3A833-B7A7-4498-B00E-1A6FB054D2D6}.Debug|Mixed Platforms.ActiveCfg = Debug|x86
		{1EF3A833-B7A7-4498-B00E-1A6FB054D2D6}.Debug|Mixed Platforms.Build.0 = Debug|x86
		{1EF3A833-B7A7-4498-B00E-1A6FB054D2D6}.Debug|x86.ActiveCfg = Debug|x86
		{1EF3A833-B7A7-4498-B00E-1A6FB054D2D6}.Debug|x86.Build.0 = Debug|x86
		{1EF3A833-B7A7-4498-B00E-1A6FB054D2D6}.Debug|Xbox 360.ActiveCfg = Debug|Any CPU
		{1EF3A833-B7A7-4498-B00E-1A6FB054D2D6}.Debug|Zune.ActiveCfg = Debug|Any CPU
		{1EF3A833-B7A7-4498-B00E-1A6FB054D2D6}.Release|Any CPU.ActiveCfg = Release|Any CPU
		{1EF3A833-B7A7-4498-B00E-1A6FB054D2D6}.Release|Any CPU.Build.0 = Release|Any CPU
		{1EF3A833-B7A7-4498-B00E-1A6FB054D2D6}.Release|Mixed Platforms.ActiveCfg = Release|x86
		{1EF3A833-B7A7-4498-B00E-1A6FB054D2D6}.Release|Mixed Platforms.Build.0 = Release|x86
		{1EF3A833-B7A7-4498-B00E-1A6FB054D2D6}.Release|x86.ActiveCfg = Release|x86
		{1EF3A833-B7A7-4498-B00E-1A6FB054D2D6}.Release|x86.Build.0 = Release|x86
		{1EF3A833-B7A7-4498-B00E-1A6FB054D2D6}.Release|Xbox 360.ActiveCfg = Release|Any CPU
		{1EF3A833-B7A7-4498-B00E-1A6FB054D2D6}.Release|Zune.ActiveCfg = Release|Any CPU
		{8AAAB1D0-6C1D-4F92-851B-56D4611A6D1E}.Debug|Any CPU.ActiveCfg = Debug|x86
		{8AAAB1D0-6C1D-4F92-851B-56D4611A6D1E}.Debug|Mixed Platforms.ActiveCfg = Debug|x86
		{8AAAB1D0-6C1D-4F92-851B-56D4611A6D1E}.Debug|Mixed Platforms.Build.0 = Debug|x86
		{8AAAB1D0-6C1D-4F92-851B-56D4611A6D1E}.Debug|x86.ActiveCfg = Debug|x86
		{8AAAB1D0-6C1D-4F92-851B-56D4611A6D1E}.Debug|x86.Build.0 = Debug|x86
		{8AAAB1D0-6C1D-4F92-851B-56D4611A6D1E}.Debug|Xbox 360.ActiveCfg = Debug|x86
		{8AAAB1D0-6C1D-4F92-851B-56D4611A6D1E}.Debug|Zune.ActiveCfg = Debug|x86
		{8AAAB1D0-6C1D-4F92-851B-56D4611A6D1E}.Release|Any CPU.ActiveCfg = Release|x86
		{8AAAB1D0-6C1D-4F92-851B-56D4611A6D1E}.Release|Mixed Platforms.ActiveCfg = Release|x86
		{8AAAB1D0-6C1D-4F92-851B-56D4611A6D1E}.Release|Mixed Platforms.Build.0 = Release|x86
		{8AAAB1D0-6C1D-4F92-851B-56D4611A6D1E}.Release|x86.ActiveCfg = Release|x86
		{8AAAB1D0-6C1D-4F92-851B-56D4611A6D1E}.Release|x86.Build.0 = Release|x86
		{8AAAB1D0-6C1D-4F92-851B-56D4611A6D1E}.Release|Xbox 360.ActiveCfg = Release|x86
		{8AAAB1D0-6C1D-4F92-851B-56D4611A6D1E}.Release|Zune.ActiveCfg = Release|x86
		{199AA449-800E-4908-BF49-778990A2983A}.Debug|Any CPU.ActiveCfg = Debug|Zune
		{199AA449-800E-4908-BF49-778990A2983A}.Debug|Mixed Platforms.ActiveCfg = Debug|Zune
		{199AA449-800E-4908-BF49-778990A2983A}.Debug|Mixed Platforms.Build.0 = Debug|Zune
		{199AA449-800E-4908-BF49-778990A2983A}.Debug|x86.ActiveCfg = Debug|x86
		{199AA449-800E-4908-BF49-778990A2983A}.Debug|x86.Build.0 = Debug|x86
		{199AA449-800E-4908-BF49-778990A2983A}.Debug|Xbox 360.ActiveCfg = Debug|Xbox 360
		{199AA449-800E-4908-BF49-778990A2983A}.Debug|Xbox 360.Build.0 = Debug|Xbox 360
		{199AA449-800E-4908-BF49-778990A2983A}.Debug|Zune.ActiveCfg = Debug|Zune
		{199AA449-800E-4908-BF49-778990A2983A}.Debug|Zune.Build.0 = Debug|Zune
		{199AA449-800E-4908-BF49-778990A2983A}.Release|Any CPU.ActiveCfg = Release|Zune
		{199AA449-800E-4908-BF49-778990A2983A}.Release|Mixed Platforms.ActiveCfg = Release|Zune
		{199AA449-800E-4908-BF49-778990A2983A}.Release|Mixed Platforms.Build.0 = Release|Zune
		{199AA449-800E-4908-BF49-778990A2983A}.Release|x86.ActiveCfg = Release|x86
		{199AA449-800E-4908-BF49-778990A2983A}.Release|x86.Build.0 = Release|x86
		{199AA449-800E-4908-BF49-778990A2983A}.Release|Xbox 360.ActiveCfg = Release|Xbox 360
		{199AA449-800E-4908-BF49-778990A2983A}.Release|Xbox 360.Build.0 = Release|Xbox 360
		{199AA449-800E-4908-BF49-778990A2983A}.Release|Zune.ActiveCfg = Release|Zune
		{199AA449-800E-4908-BF49-778990A2983A}.Release|Zune.Build.0 = Release|Zune
		{CDC059C9-7F7C-49B3-85B6-3C1056BA4495}.Debug|Any CPU.ActiveCfg = Debug|Any CPU
		{CDC059C9-7F7C-49B3-85B6-3C1056BA4495}.Debug|Any CPU.Build.0 = Debug|Any CPU
		{CDC059C9-7F7C-49B3-85B6-3C1056BA4495}.Debug|Mixed Platforms.ActiveCfg = Debug|x86
		{CDC059C9-7F7C-49B3-85B6-3C1056BA4495}.Debug|Mixed Platforms.Build.0 = Debug|x86
		{CDC059C9-7F7C-49B3-85B6-3C1056BA4495}.Debug|x86.ActiveCfg = Debug|x86
		{CDC059C9-7F7C-49B3-85B6-3C1056BA4495}.Debug|x86.Build.0 = Debug|x86
		{CDC059C9-7F7C-49B3-85B6-3C1056BA4495}.Debug|Xbox 360.ActiveCfg = Debug|Any CPU
		{CDC059C9-7F7C-49B3-85B6-3C1056BA4495}.Debug|Zune.ActiveCfg = Debug|Any CPU
		{CDC059C9-7F7C-49B3-85B6-3C1056BA4495}.Release|Any CPU.ActiveCfg = Release|Any CPU
		{CDC059C9-7F7C-49B3-85B6-3C1056BA4495}.Release|Any CPU.Build.0 = Release|Any CPU
		{CDC059C9-7F7C-49B3-85B6-3C1056BA4495}.Release|Mixed Platforms.ActiveCfg = Release|x86
		{CDC059C9-7F7C-49B3-85B6-3C1056BA4495}.Release|Mixed Platforms.Build.0 = Release|x86
		{CDC059C9-7F7C-49B3-85B6-3C1056BA4495}.Release|x86.ActiveCfg = Release|x86
		{CDC059C9-7F7C-49B3-85B6-3C1056BA4495}.Release|x86.Build.0 = Release|x86
		{CDC059C9-7F7C-49B3-85B6-3C1056BA4495}.Release|Xbox 360.ActiveCfg = Release|Any CPU
		{CDC059C9-7F7C-49B3-85B6-3C1056BA4495}.Release|Zune.ActiveCfg = Release|Any CPU
		{67716C96-5215-4ECD-BE78-EA5D65F1D4D4}.Debug|Any CPU.ActiveCfg = Debug|Any CPU
		{67716C96-5215-4ECD-BE78-EA5D65F1D4D4}.Debug|Any CPU.Build.0 = Debug|Any CPU
		{67716C96-5215-4ECD-BE78-EA5D65F1D4D4}.Debug|Mixed Platforms.ActiveCfg = Debug|x86
		{67716C96-5215-4ECD-BE78-EA5D65F1D4D4}.Debug|Mixed Platforms.Build.0 = Debug|x86
		{67716C96-5215-4ECD-BE78-EA5D65F1D4D4}.Debug|x86.ActiveCfg = Debug|x86
		{67716C96-5215-4ECD-BE78-EA5D65F1D4D4}.Debug|x86.Build.0 = Debug|x86
		{67716C96-5215-4ECD-BE78-EA5D65F1D4D4}.Debug|Xbox 360.ActiveCfg = Debug|Any CPU
		{67716C96-5215-4ECD-BE78-EA5D65F1D4D4}.Debug|Zune.ActiveCfg = Debug|Any CPU
		{67716C96-5215-4ECD-BE78-EA5D65F1D4D4}.Release|Any CPU.ActiveCfg = Release|Any CPU
		{67716C96-5215-4ECD-BE78-EA5D65F1D4D4}.Release|Any CPU.Build.0 = Release|Any CPU
		{67716C96-5215-4ECD-BE78-EA5D65F1D4D4}.Release|Mixed Platforms.ActiveCfg = Release|x86
		{67716C96-5215-4ECD-BE78-EA5D65F1D4D4}.Release|Mixed Platforms.Build.0 = Release|x86
		{67716C96-5215-4ECD-BE78-EA5D65F1D4D4}.Release|x86.ActiveCfg = Release|x86
		{67716C96-5215-4ECD-BE78-EA5D65F1D4D4}.Release|x86.Build.0 = Release|x86
		{67716C96-5215-4ECD-BE78-EA5D65F1D4D4}.Release|Xbox 360.ActiveCfg = Release|Any CPU
		{67716C96-5215-4ECD-BE78-EA5D65F1D4D4}.Release|Zune.ActiveCfg = Release|Any CPU
		{3A54A351-A089-4AA7-BD92-F8CE7CD44B31}.Debug|Any CPU.ActiveCfg = Debug|Any CPU
		{3A54A351-A089-4AA7-BD92-F8CE7CD44B31}.Debug|Any CPU.Build.0 = Debug|Any CPU
		{3A54A351-A089-4AA7-BD92-F8CE7CD44B31}.Debug|Mixed Platforms.ActiveCfg = Debug|x86
		{3A54A351-A089-4AA7-BD92-F8CE7CD44B31}.Debug|Mixed Platforms.Build.0 = Debug|x86
		{3A54A351-A089-4AA7-BD92-F8CE7CD44B31}.Debug|x86.ActiveCfg = Debug|x86
		{3A54A351-A089-4AA7-BD92-F8CE7CD44B31}.Debug|x86.Build.0 = Debug|x86
		{3A54A351-A089-4AA7-BD92-F8CE7CD44B31}.Debug|Xbox 360.ActiveCfg = Debug|Any CPU
		{3A54A351-A089-4AA7-BD92-F8CE7CD44B31}.Debug|Zune.ActiveCfg = Debug|Any CPU
		{3A54A351-A089-4AA7-BD92-F8CE7CD44B31}.Release|Any CPU.ActiveCfg = Release|Any CPU
		{3A54A351-A089-4AA7-BD92-F8CE7CD44B31}.Release|Any CPU.Build.0 = Release|Any CPU
		{3A54A351-A089-4AA7-BD92-F8CE7CD44B31}.Release|Mixed Platforms.ActiveCfg = Release|x86
		{3A54A351-A089-4AA7-BD92-F8CE7CD44B31}.Release|Mixed Platforms.Build.0 = Release|x86
		{3A54A351-A089-4AA7-BD92-F8CE7CD44B31}.Release|x86.ActiveCfg = Release|x86
		{3A54A351-A089-4AA7-BD92-F8CE7CD44B31}.Release|x86.Build.0 = Release|x86
		{3A54A351-A089-4AA7-BD92-F8CE7CD44B31}.Release|Xbox 360.ActiveCfg = Release|Any CPU
		{3A54A351-A089-4AA7-BD92-F8CE7CD44B31}.Release|Zune.ActiveCfg = Release|Any CPU
		{557F39A5-516D-4FDF-B0BD-5F1DF3226658}.Debug|Any CPU.ActiveCfg = Debug|Xbox 360
		{557F39A5-516D-4FDF-B0BD-5F1DF3226658}.Debug|Mixed Platforms.ActiveCfg = Debug|Xbox 360
		{557F39A5-516D-4FDF-B0BD-5F1DF3226658}.Debug|Mixed Platforms.Build.0 = Debug|Xbox 360
		{557F39A5-516D-4FDF-B0BD-5F1DF3226658}.Debug|x86.ActiveCfg = Debug|Xbox 360
		{557F39A5-516D-4FDF-B0BD-5F1DF3226658}.Debug|Xbox 360.ActiveCfg = Debug|Xbox 360
		{557F39A5-516D-4FDF-B0BD-5F1DF3226658}.Debug|Xbox 360.Build.0 = Debug|Xbox 360
		{557F39A5-516D-4FDF-B0BD-5F1DF3226658}.Debug|Zune.ActiveCfg = Debug|Xbox 360
		{557F39A5-516D-4FDF-B0BD-5F1DF3226658}.Release|Any CPU.ActiveCfg = Release|Xbox 360
		{557F39A5-516D-4FDF-B0BD-5F1DF3226658}.Release|Mixed Platforms.ActiveCfg = Release|Xbox 360
		{557F39A5-516D-4FDF-B0BD-5F1DF3226658}.Release|Mixed Platforms.Build.0 = Release|Xbox 360
		{557F39A5-516D-4FDF-B0BD-5F1DF3226658}.Release|x86.ActiveCfg = Release|Xbox 360
		{557F39A5-516D-4FDF-B0BD-5F1DF3226658}.Release|Xbox 360.ActiveCfg = Release|Xbox 360
		{557F39A5-516D-4FDF-B0BD-5F1DF3226658}.Release|Xbox 360.Build.0 = Release|Xbox 360
		{557F39A5-516D-4FDF-B0BD-5F1DF3226658}.Release|Zune.ActiveCfg = Release|Xbox 360
		{28D4665E-B29E-4B57-9529-C92721037B6F}.Debug|Any CPU.ActiveCfg = Debug|Xbox 360
		{28D4665E-B29E-4B57-9529-C92721037B6F}.Debug|Mixed Platforms.ActiveCfg = Debug|Xbox 360
		{28D4665E-B29E-4B57-9529-C92721037B6F}.Debug|Mixed Platforms.Build.0 = Debug|Xbox 360
		{28D4665E-B29E-4B57-9529-C92721037B6F}.Debug|x86.ActiveCfg = Debug|Xbox 360
		{28D4665E-B29E-4B57-9529-C92721037B6F}.Debug|Xbox 360.ActiveCfg = Debug|Xbox 360
		{28D4665E-B29E-4B57-9529-C92721037B6F}.Debug|Xbox 360.Build.0 = Debug|Xbox 360
		{28D4665E-B29E-4B57-9529-C92721037B6F}.Debug|Zune.ActiveCfg = Debug|Xbox 360
		{28D4665E-B29E-4B57-9529-C92721037B6F}.Release|Any CPU.ActiveCfg = Release|Xbox 360
		{28D4665E-B29E-4B57-9529-C92721037B6F}.Release|Mixed Platforms.ActiveCfg = Release|Xbox 360
		{28D4665E-B29E-4B57-9529-C92721037B6F}.Release|Mixed Platforms.Build.0 = Release|Xbox 360
		{28D4665E-B29E-4B57-9529-C92721037B6F}.Release|x86.ActiveCfg = Release|Xbox 360
		{28D4665E-B29E-4B57-9529-C92721037B6F}.Release|Xbox 360.ActiveCfg = Release|Xbox 360
		{28D4665E-B29E-4B57-9529-C92721037B6F}.Release|Xbox 360.Build.0 = Release|Xbox 360
		{28D4665E-B29E-4B57-9529-C92721037B6F}.Release|Zune.ActiveCfg = Release|Xbox 360
		{F897DC33-53B3-4502-A9DA-7734C9ED5673}.Debug|Any CPU.ActiveCfg = Debug|Xbox 360
		{F897DC33-53B3-4502-A9DA-7734C9ED5673}.Debug|Mixed Platforms.ActiveCfg = Debug|Xbox 360
		{F897DC33-53B3-4502-A9DA-7734C9ED5673}.Debug|Mixed Platforms.Build.0 = Debug|Xbox 360
		{F897DC33-53B3-4502-A9DA-7734C9ED5673}.Debug|x86.ActiveCfg = Debug|Xbox 360
		{F897DC33-53B3-4502-A9DA-7734C9ED5673}.Debug|Xbox 360.ActiveCfg = Debug|Xbox 360
		{F897DC33-53B3-4502-A9DA-7734C9ED5673}.Debug|Xbox 360.Build.0 = Debug|Xbox 360
		{F897DC33-53B3-4502-A9DA-7734C9ED5673}.Debug|Zune.ActiveCfg = Debug|Xbox 360
		{F897DC33-53B3-4502-A9DA-7734C9ED5673}.Release|Any CPU.ActiveCfg = Release|Xbox 360
		{F897DC33-53B3-4502-A9DA-7734C9ED5673}.Release|Mixed Platforms.ActiveCfg = Release|Xbox 360
		{F897DC33-53B3-4502-A9DA-7734C9ED5673}.Release|Mixed Platforms.Build.0 = Release|Xbox 360
		{F897DC33-53B3-4502-A9DA-7734C9ED5673}.Release|x86.ActiveCfg = Release|Xbox 360
		{F897DC33-53B3-4502-A9DA-7734C9ED5673}.Release|Xbox 360.ActiveCfg = Release|Xbox 360
		{F897DC33-53B3-4502-A9DA-7734C9ED5673}.Release|Xbox 360.Build.0 = Release|Xbox 360
		{F897DC33-53B3-4502-A9DA-7734C9ED5673}.Release|Zune.ActiveCfg = Release|Xbox 360
		{76743665-113E-493D-8815-C13C3BC627AA}.Debug|Any CPU.ActiveCfg = Debug|Xbox 360
		{76743665-113E-493D-8815-C13C3BC627AA}.Debug|Mixed Platforms.ActiveCfg = Debug|Xbox 360
		{76743665-113E-493D-8815-C13C3BC627AA}.Debug|Mixed Platforms.Build.0 = Debug|Xbox 360
		{76743665-113E-493D-8815-C13C3BC627AA}.Debug|x86.ActiveCfg = Debug|Xbox 360
		{76743665-113E-493D-8815-C13C3BC627AA}.Debug|Xbox 360.ActiveCfg = Debug|Xbox 360
		{76743665-113E-493D-8815-C13C3BC627AA}.Debug|Xbox 360.Build.0 = Debug|Xbox 360
		{76743665-113E-493D-8815-C13C3BC627AA}.Debug|Zune.ActiveCfg = Debug|Xbox 360
		{76743665-113E-493D-8815-C13C3BC627AA}.Release|Any CPU.ActiveCfg = Release|Xbox 360
		{76743665-113E-493D-8815-C13C3BC627AA}.Release|Mixed Platforms.ActiveCfg = Release|Xbox 360
		{76743665-113E-493D-8815-C13C3BC627AA}.Release|Mixed Platforms.Build.0 = Release|Xbox 360
		{76743665-113E-493D-8815-C13C3BC627AA}.Release|x86.ActiveCfg = Release|Xbox 360
		{76743665-113E-493D-8815-C13C3BC627AA}.Release|Xbox 360.ActiveCfg = Release|Xbox 360
		{76743665-113E-493D-8815-C13C3BC627AA}.Release|Xbox 360.Build.0 = Release|Xbox 360
		{76743665-113E-493D-8815-C13C3BC627AA}.Release|Zune.ActiveCfg = Release|Xbox 360
		{138FF542-3138-41D4-AE8A-55B89323D70F}.Debug|Any CPU.ActiveCfg = Debug|Xbox 360
		{138FF542-3138-41D4-AE8A-55B89323D70F}.Debug|Mixed Platforms.ActiveCfg = Debug|Xbox 360
		{138FF542-3138-41D4-AE8A-55B89323D70F}.Debug|Mixed Platforms.Build.0 = Debug|Xbox 360
		{138FF542-3138-41D4-AE8A-55B89323D70F}.Debug|x86.ActiveCfg = Debug|Xbox 360
		{138FF542-3138-41D4-AE8A-55B89323D70F}.Debug|Xbox 360.ActiveCfg = Debug|Xbox 360
		{138FF542-3138-41D4-AE8A-55B89323D70F}.Debug|Xbox 360.Build.0 = Debug|Xbox 360
		{138FF542-3138-41D4-AE8A-55B89323D70F}.Debug|Zune.ActiveCfg = Debug|Xbox 360
		{138FF542-3138-41D4-AE8A-55B89323D70F}.Release|Any CPU.ActiveCfg = Release|Xbox 360
		{138FF542-3138-41D4-AE8A-55B89323D70F}.Release|Mixed Platforms.ActiveCfg = Release|Xbox 360
		{138FF542-3138-41D4-AE8A-55B89323D70F}.Release|Mixed Platforms.Build.0 = Release|Xbox 360
		{138FF542-3138-41D4-AE8A-55B89323D70F}.Release|x86.ActiveCfg = Release|Xbox 360
		{138FF542-3138-41D4-AE8A-55B89323D70F}.Release|Xbox 360.ActiveCfg = Release|Xbox 360
		{138FF542-3138-41D4-AE8A-55B89323D70F}.Release|Xbox 360.Build.0 = Release|Xbox 360
		{138FF542-3138-41D4-AE8A-55B89323D70F}.Release|Zune.ActiveCfg = Release|Xbox 360
		{DD3F2A71-F3E6-4F36-BB25-3CA3CFCDD264}.Debug|Any CPU.ActiveCfg = Debug|Xbox 360
		{DD3F2A71-F3E6-4F36-BB25-3CA3CFCDD264}.Debug|Mixed Platforms.ActiveCfg = Debug|Xbox 360
		{DD3F2A71-F3E6-4F36-BB25-3CA3CFCDD264}.Debug|Mixed Platforms.Build.0 = Debug|Xbox 360
		{DD3F2A71-F3E6-4F36-BB25-3CA3CFCDD264}.Debug|x86.ActiveCfg = Debug|Xbox 360
		{DD3F2A71-F3E6-4F36-BB25-3CA3CFCDD264}.Debug|Xbox 360.ActiveCfg = Debug|Xbox 360
		{DD3F2A71-F3E6-4F36-BB25-3CA3CFCDD264}.Debug|Xbox 360.Build.0 = Debug|Xbox 360
		{DD3F2A71-F3E6-4F36-BB25-3CA3CFCDD264}.Debug|Zune.ActiveCfg = Debug|Xbox 360
		{DD3F2A71-F3E6-4F36-BB25-3CA3CFCDD264}.Release|Any CPU.ActiveCfg = Release|Xbox 360
		{DD3F2A71-F3E6-4F36-BB25-3CA3CFCDD264}.Release|Mixed Platforms.ActiveCfg = Release|Xbox 360
		{DD3F2A71-F3E6-4F36-BB25-3CA3CFCDD264}.Release|Mixed Platforms.Build.0 = Release|Xbox 360
		{DD3F2A71-F3E6-4F36-BB25-3CA3CFCDD264}.Release|x86.ActiveCfg = Release|Xbox 360
		{DD3F2A71-F3E6-4F36-BB25-3CA3CFCDD264}.Release|Xbox 360.ActiveCfg = Release|Xbox 360
		{DD3F2A71-F3E6-4F36-BB25-3CA3CFCDD264}.Release|Xbox 360.Build.0 = Release|Xbox 360
		{DD3F2A71-F3E6-4F36-BB25-3CA3CFCDD264}.Release|Zune.ActiveCfg = Release|Xbox 360
		{3B4136DE-D627-4A93-9C6C-DA858BF3E370}.Debug|Any CPU.ActiveCfg = Debug|Xbox 360
		{3B4136DE-D627-4A93-9C6C-DA858BF3E370}.Debug|Mixed Platforms.ActiveCfg = Debug|Xbox 360
		{3B4136DE-D627-4A93-9C6C-DA858BF3E370}.Debug|Mixed Platforms.Build.0 = Debug|Xbox 360
		{3B4136DE-D627-4A93-9C6C-DA858BF3E370}.Debug|x86.ActiveCfg = Debug|Xbox 360
		{3B4136DE-D627-4A93-9C6C-DA858BF3E370}.Debug|Xbox 360.ActiveCfg = Debug|Xbox 360
		{3B4136DE-D627-4A93-9C6C-DA858BF3E370}.Debug|Xbox 360.Build.0 = Debug|Xbox 360
		{3B4136DE-D627-4A93-9C6C-DA858BF3E370}.Debug|Zune.ActiveCfg = Debug|Xbox 360
		{3B4136DE-D627-4A93-9C6C-DA858BF3E370}.Release|Any CPU.ActiveCfg = Release|Xbox 360
		{3B4136DE-D627-4A93-9C6C-DA858BF3E370}.Release|Mixed Platforms.ActiveCfg = Release|Xbox 360
		{3B4136DE-D627-4A93-9C6C-DA858BF3E370}.Release|Mixed Platforms.Build.0 = Release|Xbox 360
		{3B4136DE-D627-4A93-9C6C-DA858BF3E370}.Release|x86.ActiveCfg = Release|Xbox 360
		{3B4136DE-D627-4A93-9C6C-DA858BF3E370}.Release|Xbox 360.ActiveCfg = Release|Xbox 360
		{3B4136DE-D627-4A93-9C6C-DA858BF3E370}.Release|Xbox 360.Build.0 = Release|Xbox 360
		{3B4136DE-D627-4A93-9C6C-DA858BF3E370}.Release|Zune.ActiveCfg = Release|Xbox 360
		{AE00E5B6-86C9-4BBB-8884-6119A3909014}.Debug|Any CPU.ActiveCfg = Debug|Xbox 360
		{AE00E5B6-86C9-4BBB-8884-6119A3909014}.Debug|Mixed Platforms.ActiveCfg = Debug|Xbox 360
		{AE00E5B6-86C9-4BBB-8884-6119A3909014}.Debug|Mixed Platforms.Build.0 = Debug|Xbox 360
		{AE00E5B6-86C9-4BBB-8884-6119A3909014}.Debug|x86.ActiveCfg = Debug|Xbox 360
		{AE00E5B6-86C9-4BBB-8884-6119A3909014}.Debug|Xbox 360.ActiveCfg = Debug|Xbox 360
		{AE00E5B6-86C9-4BBB-8884-6119A3909014}.Debug|Xbox 360.Build.0 = Debug|Xbox 360
		{AE00E5B6-86C9-4BBB-8884-6119A3909014}.Debug|Zune.ActiveCfg = Debug|Xbox 360
		{AE00E5B6-86C9-4BBB-8884-6119A3909014}.Release|Any CPU.ActiveCfg = Release|Xbox 360
		{AE00E5B6-86C9-4BBB-8884-6119A3909014}.Release|Mixed Platforms.ActiveCfg = Release|Xbox 360
		{AE00E5B6-86C9-4BBB-8884-6119A3909014}.Release|Mixed Platforms.Build.0 = Release|Xbox 360
		{AE00E5B6-86C9-4BBB-8884-6119A3909014}.Release|x86.ActiveCfg = Release|Xbox 360
		{AE00E5B6-86C9-4BBB-8884-6119A3909014}.Release|Xbox 360.ActiveCfg = Release|Xbox 360
		{AE00E5B6-86C9-4BBB-8884-6119A3909014}.Release|Xbox 360.Build.0 = Release|Xbox 360
		{AE00E5B6-86C9-4BBB-8884-6119A3909014}.Release|Zune.ActiveCfg = Release|Xbox 360
		{B74CE06F-3295-49F9-947C-9E34A1881690}.Debug|Any CPU.ActiveCfg = Debug|Xbox 360
		{B74CE06F-3295-49F9-947C-9E34A1881690}.Debug|Mixed Platforms.ActiveCfg = Debug|Xbox 360
		{B74CE06F-3295-49F9-947C-9E34A1881690}.Debug|Mixed Platforms.Build.0 = Debug|Xbox 360
		{B74CE06F-3295-49F9-947C-9E34A1881690}.Debug|x86.ActiveCfg = Debug|Xbox 360
		{B74CE06F-3295-49F9-947C-9E34A1881690}.Debug|Xbox 360.ActiveCfg = Debug|Xbox 360
		{B74CE06F-3295-49F9-947C-9E34A1881690}.Debug|Xbox 360.Build.0 = Debug|Xbox 360
		{B74CE06F-3295-49F9-947C-9E34A1881690}.Debug|Zune.ActiveCfg = Debug|Xbox 360
		{B74CE06F-3295-49F9-947C-9E34A1881690}.Release|Any CPU.ActiveCfg = Release|Xbox 360
		{B74CE06F-3295-49F9-947C-9E34A1881690}.Release|Mixed Platforms.ActiveCfg = Release|Xbox 360
		{B74CE06F-3295-49F9-947C-9E34A1881690}.Release|Mixed Platforms.Build.0 = Release|Xbox 360
		{B74CE06F-3295-49F9-947C-9E34A1881690}.Release|x86.ActiveCfg = Release|Xbox 360
		{B74CE06F-3295-49F9-947C-9E34A1881690}.Release|Xbox 360.ActiveCfg = Release|Xbox 360
		{B74CE06F-3295-49F9-947C-9E34A1881690}.Release|Xbox 360.Build.0 = Release|Xbox 360
		{B74CE06F-3295-49F9-947C-9E34A1881690}.Release|Zune.ActiveCfg = Release|Xbox 360
		{9C3C7A78-BD84-4CAB-8BB0-E7719BB58231}.Debug|Any CPU.ActiveCfg = Debug|Xbox 360
		{9C3C7A78-BD84-4CAB-8BB0-E7719BB58231}.Debug|Mixed Platforms.ActiveCfg = Debug|Xbox 360
		{9C3C7A78-BD84-4CAB-8BB0-E7719BB58231}.Debug|Mixed Platforms.Build.0 = Debug|Xbox 360
		{9C3C7A78-BD84-4CAB-8BB0-E7719BB58231}.Debug|x86.ActiveCfg = Debug|Xbox 360
		{9C3C7A78-BD84-4CAB-8BB0-E7719BB58231}.Debug|Xbox 360.ActiveCfg = Debug|Xbox 360
		{9C3C7A78-BD84-4CAB-8BB0-E7719BB58231}.Debug|Xbox 360.Build.0 = Debug|Xbox 360
		{9C3C7A78-BD84-4CAB-8BB0-E7719BB58231}.Debug|Zune.ActiveCfg = Debug|Xbox 360
		{9C3C7A78-BD84-4CAB-8BB0-E7719BB58231}.Release|Any CPU.ActiveCfg = Release|Xbox 360
		{9C3C7A78-BD84-4CAB-8BB0-E7719BB58231}.Release|Mixed Platforms.ActiveCfg = Release|Xbox 360
		{9C3C7A78-BD84-4CAB-8BB0-E7719BB58231}.Release|Mixed Platforms.Build.0 = Release|Xbox 360
		{9C3C7A78-BD84-4CAB-8BB0-E7719BB58231}.Release|x86.ActiveCfg = Release|Xbox 360
		{9C3C7A78-BD84-4CAB-8BB0-E7719BB58231}.Release|Xbox 360.ActiveCfg = Release|Xbox 360
		{9C3C7A78-BD84-4CAB-8BB0-E7719BB58231}.Release|Xbox 360.Build.0 = Release|Xbox 360
		{9C3C7A78-BD84-4CAB-8BB0-E7719BB58231}.Release|Zune.ActiveCfg = Release|Xbox 360
		{76E4EDE3-20C1-48D4-A832-C92130D81E89}.Debug|Any CPU.ActiveCfg = Debug|Xbox 360
		{76E4EDE3-20C1-48D4-A832-C92130D81E89}.Debug|Mixed Platforms.ActiveCfg = Debug|Xbox 360
		{76E4EDE3-20C1-48D4-A832-C92130D81E89}.Debug|Mixed Platforms.Build.0 = Debug|Xbox 360
		{76E4EDE3-20C1-48D4-A832-C92130D81E89}.Debug|x86.ActiveCfg = Debug|Xbox 360
		{76E4EDE3-20C1-48D4-A832-C92130D81E89}.Debug|Xbox 360.ActiveCfg = Debug|Xbox 360
		{76E4EDE3-20C1-48D4-A832-C92130D81E89}.Debug|Xbox 360.Build.0 = Debug|Xbox 360
		{76E4EDE3-20C1-48D4-A832-C92130D81E89}.Debug|Zune.ActiveCfg = Debug|Xbox 360
		{76E4EDE3-20C1-48D4-A832-C92130D81E89}.Release|Any CPU.ActiveCfg = Release|Xbox 360
		{76E4EDE3-20C1-48D4-A832-C92130D81E89}.Release|Mixed Platforms.ActiveCfg = Release|Xbox 360
		{76E4EDE3-20C1-48D4-A832-C92130D81E89}.Release|Mixed Platforms.Build.0 = Release|Xbox 360
		{76E4EDE3-20C1-48D4-A832-C92130D81E89}.Release|x86.ActiveCfg = Release|Xbox 360
		{76E4EDE3-20C1-48D4-A832-C92130D81E89}.Release|Xbox 360.ActiveCfg = Release|Xbox 360
		{76E4EDE3-20C1-48D4-A832-C92130D81E89}.Release|Xbox 360.Build.0 = Release|Xbox 360
		{76E4EDE3-20C1-48D4-A832-C92130D81E89}.Release|Zune.ActiveCfg = Release|Xbox 360
		{2B6B504C-03C1-4928-A0A6-E5B557B20231}.Debug|Any CPU.ActiveCfg = Debug|Xbox 360
		{2B6B504C-03C1-4928-A0A6-E5B557B20231}.Debug|Mixed Platforms.ActiveCfg = Debug|Xbox 360
		{2B6B504C-03C1-4928-A0A6-E5B557B20231}.Debug|Mixed Platforms.Build.0 = Debug|Xbox 360
		{2B6B504C-03C1-4928-A0A6-E5B557B20231}.Debug|Mixed Platforms.Deploy.0 = Debug|Xbox 360
		{2B6B504C-03C1-4928-A0A6-E5B557B20231}.Debug|x86.ActiveCfg = Debug|Xbox 360
		{2B6B504C-03C1-4928-A0A6-E5B557B20231}.Debug|Xbox 360.ActiveCfg = Debug|Xbox 360
		{2B6B504C-03C1-4928-A0A6-E5B557B20231}.Debug|Xbox 360.Build.0 = Debug|Xbox 360
		{2B6B504C-03C1-4928-A0A6-E5B557B20231}.Debug|Xbox 360.Deploy.0 = Debug|Xbox 360
		{2B6B504C-03C1-4928-A0A6-E5B557B20231}.Debug|Zune.ActiveCfg = Debug|Xbox 360
		{2B6B504C-03C1-4928-A0A6-E5B557B20231}.Release|Any CPU.ActiveCfg = Release|Xbox 360
		{2B6B504C-03C1-4928-A0A6-E5B557B20231}.Release|Mixed Platforms.ActiveCfg = Release|Xbox 360
		{2B6B504C-03C1-4928-A0A6-E5B557B20231}.Release|Mixed Platforms.Build.0 = Release|Xbox 360
		{2B6B504C-03C1-4928-A0A6-E5B557B20231}.Release|Mixed Platforms.Deploy.0 = Release|Xbox 360
		{2B6B504C-03C1-4928-A0A6-E5B557B20231}.Release|x86.ActiveCfg = Release|Xbox 360
		{2B6B504C-03C1-4928-A0A6-E5B557B20231}.Release|Xbox 360.ActiveCfg = Release|Xbox 360
		{2B6B504C-03C1-4928-A0A6-E5B557B20231}.Release|Xbox 360.Build.0 = Release|Xbox 360
		{2B6B504C-03C1-4928-A0A6-E5B557B20231}.Release|Xbox 360.Deploy.0 = Release|Xbox 360
		{2B6B504C-03C1-4928-A0A6-E5B557B20231}.Release|Zune.ActiveCfg = Release|Xbox 360
		{836B3F9D-FB5C-4A0F-8C57-3A3263922F36}.Debug|Any CPU.ActiveCfg = Debug|x86
		{836B3F9D-FB5C-4A0F-8C57-3A3263922F36}.Debug|Mixed Platforms.ActiveCfg = Debug|x86
		{836B3F9D-FB5C-4A0F-8C57-3A3263922F36}.Debug|x86.ActiveCfg = Debug|x86
		{836B3F9D-FB5C-4A0F-8C57-3A3263922F36}.Debug|Xbox 360.ActiveCfg = Debug|x86
		{836B3F9D-FB5C-4A0F-8C57-3A3263922F36}.Debug|Zune.ActiveCfg = Debug|x86
		{836B3F9D-FB5C-4A0F-8C57-3A3263922F36}.Release|Any CPU.ActiveCfg = Release|x86
		{836B3F9D-FB5C-4A0F-8C57-3A3263922F36}.Release|Mixed Platforms.ActiveCfg = Release|x86
		{836B3F9D-FB5C-4A0F-8C57-3A3263922F36}.Release|x86.ActiveCfg = Release|x86
		{836B3F9D-FB5C-4A0F-8C57-3A3263922F36}.Release|Xbox 360.ActiveCfg = Release|x86
		{836B3F9D-FB5C-4A0F-8C57-3A3263922F36}.Release|Zune.ActiveCfg = Release|x86
		{96382A72-4CF7-4458-81D5-9561AEE800AC}.Debug|Any CPU.ActiveCfg = Debug|x86
		{96382A72-4CF7-4458-81D5-9561AEE800AC}.Debug|Mixed Platforms.ActiveCfg = Debug|x86
		{96382A72-4CF7-4458-81D5-9561AEE800AC}.Debug|x86.ActiveCfg = Debug|x86
		{96382A72-4CF7-4458-81D5-9561AEE800AC}.Debug|Xbox 360.ActiveCfg = Debug|x86
		{96382A72-4CF7-4458-81D5-9561AEE800AC}.Debug|Zune.ActiveCfg = Debug|x86
		{96382A72-4CF7-4458-81D5-9561AEE800AC}.Release|Any CPU.ActiveCfg = Release|x86
		{96382A72-4CF7-4458-81D5-9561AEE800AC}.Release|Mixed Platforms.ActiveCfg = Release|x86
		{96382A72-4CF7-4458-81D5-9561AEE800AC}.Release|x86.ActiveCfg = Release|x86
		{96382A72-4CF7-4458-81D5-9561AEE800AC}.Release|Xbox 360.ActiveCfg = Release|x86
		{96382A72-4CF7-4458-81D5-9561AEE800AC}.Release|Zune.ActiveCfg = Release|x86
		{0FDFF71A-8529-4261-9A0A-935942225558}.Debug|Any CPU.ActiveCfg = Debug|x86
		{0FDFF71A-8529-4261-9A0A-935942225558}.Debug|Mixed Platforms.ActiveCfg = Debug|x86
		{0FDFF71A-8529-4261-9A0A-935942225558}.Debug|x86.ActiveCfg = Debug|x86
		{0FDFF71A-8529-4261-9A0A-935942225558}.Debug|Xbox 360.ActiveCfg = Debug|x86
		{0FDFF71A-8529-4261-9A0A-935942225558}.Debug|Zune.ActiveCfg = Debug|x86
		{0FDFF71A-8529-4261-9A0A-935942225558}.Release|Any CPU.ActiveCfg = Release|x86
		{0FDFF71A-8529-4261-9A0A-935942225558}.Release|Mixed Platforms.ActiveCfg = Release|x86
		{0FDFF71A-8529-4261-9A0A-935942225558}.Release|x86.ActiveCfg = Release|x86
		{0FDFF71A-8529-4261-9A0A-935942225558}.Release|Xbox 360.ActiveCfg = Release|x86
		{0FDFF71A-8529-4261-9A0A-935942225558}.Release|Zune.ActiveCfg = Release|x86
		{FF7307EE-3287-4EE0-9131-B9F2678F2A10}.Debug|Any CPU.ActiveCfg = Debug|x86
		{FF7307EE-3287-4EE0-9131-B9F2678F2A10}.Debug|Mixed Platforms.ActiveCfg = Debug|x86
		{FF7307EE-3287-4EE0-9131-B9F2678F2A10}.Debug|x86.ActiveCfg = Debug|x86
		{FF7307EE-3287-4EE0-9131-B9F2678F2A10}.Debug|Xbox 360.ActiveCfg = Debug|x86
		{FF7307EE-3287-4EE0-9131-B9F2678F2A10}.Debug|Zune.ActiveCfg = Debug|x86
		{FF7307EE-3287-4EE0-9131-B9F2678F2A10}.Release|Any CPU.ActiveCfg = Release|x86
		{FF7307EE-3287-4EE0-9131-B9F2678F2A10}.Release|Mixed Platforms.ActiveCfg = Release|x86
		{FF7307EE-3287-4EE0-9131-B9F2678F2A10}.Release|x86.ActiveCfg = Release|x86
		{FF7307EE-3287-4EE0-9131-B9F2678F2A10}.Release|Xbox 360.ActiveCfg = Release|x86
		{FF7307EE-3287-4EE0-9131-B9F2678F2A10}.Release|Zune.ActiveCfg = Release|x86
		{84CF3137-35F7-4FB3-A4D8-DF5527C69CA0}.Debug|Any CPU.ActiveCfg = Debug|x86
		{84CF3137-35F7-4FB3-A4D8-DF5527C69CA0}.Debug|Mixed Platforms.ActiveCfg = Debug|x86
		{84CF3137-35F7-4FB3-A4D8-DF5527C69CA0}.Debug|x86.ActiveCfg = Debug|x86
		{84CF3137-35F7-4FB3-A4D8-DF5527C69CA0}.Debug|Xbox 360.ActiveCfg = Debug|x86
		{84CF3137-35F7-4FB3-A4D8-DF5527C69CA0}.Debug|Zune.ActiveCfg = Debug|x86
		{84CF3137-35F7-4FB3-A4D8-DF5527C69CA0}.Release|Any CPU.ActiveCfg = Release|x86
		{84CF3137-35F7-4FB3-A4D8-DF5527C69CA0}.Release|Mixed Platforms.ActiveCfg = Release|x86
		{84CF3137-35F7-4FB3-A4D8-DF5527C69CA0}.Release|x86.ActiveCfg = Release|x86
		{84CF3137-35F7-4FB3-A4D8-DF5527C69CA0}.Release|Xbox 360.ActiveCfg = Release|x86
		{84CF3137-35F7-4FB3-A4D8-DF5527C69CA0}.Release|Zune.ActiveCfg = Release|x86
		{F236F23F-D720-4441-A535-BF476A4AD015}.Debug|Any CPU.ActiveCfg = Debug|x86
		{F236F23F-D720-4441-A535-BF476A4AD015}.Debug|Mixed Platforms.ActiveCfg = Debug|x86
		{F236F23F-D720-4441-A535-BF476A4AD015}.Debug|x86.ActiveCfg = Debug|x86
		{F236F23F-D720-4441-A535-BF476A4AD015}.Debug|Xbox 360.ActiveCfg = Debug|x86
		{F236F23F-D720-4441-A535-BF476A4AD015}.Debug|Zune.ActiveCfg = Debug|x86
		{F236F23F-D720-4441-A535-BF476A4AD015}.Release|Any CPU.ActiveCfg = Release|x86
		{F236F23F-D720-4441-A535-BF476A4AD015}.Release|Mixed Platforms.ActiveCfg = Release|x86
		{F236F23F-D720-4441-A535-BF476A4AD015}.Release|x86.ActiveCfg = Release|x86
		{F236F23F-D720-4441-A535-BF476A4AD015}.Release|Xbox 360.ActiveCfg = Release|x86
		{F236F23F-D720-4441-A535-BF476A4AD015}.Release|Zune.ActiveCfg = Release|x86
		{2AAC6516-DE8D-44A3-A8ED-B70464BC3003}.Debug|Any CPU.ActiveCfg = Debug|x86
		{2AAC6516-DE8D-44A3-A8ED-B70464BC3003}.Debug|Mixed Platforms.ActiveCfg = Debug|x86
		{2AAC6516-DE8D-44A3-A8ED-B70464BC3003}.Debug|x86.ActiveCfg = Debug|x86
		{2AAC6516-DE8D-44A3-A8ED-B70464BC3003}.Debug|Xbox 360.ActiveCfg = Debug|x86
		{2AAC6516-DE8D-44A3-A8ED-B70464BC3003}.Debug|Zune.ActiveCfg = Debug|x86
		{2AAC6516-DE8D-44A3-A8ED-B70464BC3003}.Release|Any CPU.ActiveCfg = Release|x86
		{2AAC6516-DE8D-44A3-A8ED-B70464BC3003}.Release|Mixed Platforms.ActiveCfg = Release|x86
		{2AAC6516-DE8D-44A3-A8ED-B70464BC3003}.Release|x86.ActiveCfg = Release|x86
		{2AAC6516-DE8D-44A3-A8ED-B70464BC3003}.Release|Xbox 360.ActiveCfg = Release|x86
		{2AAC6516-DE8D-44A3-A8ED-B70464BC3003}.Release|Zune.ActiveCfg = Release|x86
		{3CE27F3D-11C2-4F4C-A8EA-0A669EAB65EC}.Debug|Any CPU.ActiveCfg = Debug|x86
		{3CE27F3D-11C2-4F4C-A8EA-0A669EAB65EC}.Debug|Mixed Platforms.ActiveCfg = Debug|x86
		{3CE27F3D-11C2-4F4C-A8EA-0A669EAB65EC}.Debug|x86.ActiveCfg = Debug|x86
		{3CE27F3D-11C2-4F4C-A8EA-0A669EAB65EC}.Debug|Xbox 360.ActiveCfg = Debug|x86
		{3CE27F3D-11C2-4F4C-A8EA-0A669EAB65EC}.Debug|Zune.ActiveCfg = Debug|x86
		{3CE27F3D-11C2-4F4C-A8EA-0A669EAB65EC}.Release|Any CPU.ActiveCfg = Release|x86
		{3CE27F3D-11C2-4F4C-A8EA-0A669EAB65EC}.Release|Mixed Platforms.ActiveCfg = Release|x86
		{3CE27F3D-11C2-4F4C-A8EA-0A669EAB65EC}.Release|x86.ActiveCfg = Release|x86
		{3CE27F3D-11C2-4F4C-A8EA-0A669EAB65EC}.Release|Xbox 360.ActiveCfg = Release|x86
		{3CE27F3D-11C2-4F4C-A8EA-0A669EAB65EC}.Release|Zune.ActiveCfg = Release|x86
		{A4AC0534-B9AE-487D-8650-8050F428EE0E}.Debug|Any CPU.ActiveCfg = Debug|x86
		{A4AC0534-B9AE-487D-8650-8050F428EE0E}.Debug|Mixed Platforms.ActiveCfg = Debug|x86
		{A4AC0534-B9AE-487D-8650-8050F428EE0E}.Debug|x86.ActiveCfg = Debug|x86
		{A4AC0534-B9AE-487D-8650-8050F428EE0E}.Debug|Xbox 360.ActiveCfg = Debug|x86
		{A4AC0534-B9AE-487D-8650-8050F428EE0E}.Debug|Zune.ActiveCfg = Debug|x86
		{A4AC0534-B9AE-487D-8650-8050F428EE0E}.Release|Any CPU.ActiveCfg = Release|x86
		{A4AC0534-B9AE-487D-8650-8050F428EE0E}.Release|Mixed Platforms.ActiveCfg = Release|x86
		{A4AC0534-B9AE-487D-8650-8050F428EE0E}.Release|x86.ActiveCfg = Release|x86
		{A4AC0534-B9AE-487D-8650-8050F428EE0E}.Release|Xbox 360.ActiveCfg = Release|x86
		{A4AC0534-B9AE-487D-8650-8050F428EE0E}.Release|Zune.ActiveCfg = Release|x86
		{B5F7CD7B-DB2C-43C7-B295-1F3BF8E03DD5}.Debug|Any CPU.ActiveCfg = Debug|x86
		{B5F7CD7B-DB2C-43C7-B295-1F3BF8E03DD5}.Debug|Mixed Platforms.ActiveCfg = Debug|x86
		{B5F7CD7B-DB2C-43C7-B295-1F3BF8E03DD5}.Debug|x86.ActiveCfg = Debug|x86
		{B5F7CD7B-DB2C-43C7-B295-1F3BF8E03DD5}.Debug|Xbox 360.ActiveCfg = Debug|x86
		{B5F7CD7B-DB2C-43C7-B295-1F3BF8E03DD5}.Debug|Zune.ActiveCfg = Debug|x86
		{B5F7CD7B-DB2C-43C7-B295-1F3BF8E03DD5}.Release|Any CPU.ActiveCfg = Release|x86
		{B5F7CD7B-DB2C-43C7-B295-1F3BF8E03DD5}.Release|Mixed Platforms.ActiveCfg = Release|x86
		{B5F7CD7B-DB2C-43C7-B295-1F3BF8E03DD5}.Release|x86.ActiveCfg = Release|x86
		{B5F7CD7B-DB2C-43C7-B295-1F3BF8E03DD5}.Release|Xbox 360.ActiveCfg = Release|x86
		{B5F7CD7B-DB2C-43C7-B295-1F3BF8E03DD5}.Release|Zune.ActiveCfg = Release|x86
		{F88FEA7C-D876-4969-8AE0-07FFD1486C58}.Debug|Any CPU.ActiveCfg = Debug|x86
		{F88FEA7C-D876-4969-8AE0-07FFD1486C58}.Debug|Mixed Platforms.ActiveCfg = Debug|x86
		{F88FEA7C-D876-4969-8AE0-07FFD1486C58}.Debug|x86.ActiveCfg = Debug|x86
		{F88FEA7C-D876-4969-8AE0-07FFD1486C58}.Debug|Xbox 360.ActiveCfg = Debug|x86
		{F88FEA7C-D876-4969-8AE0-07FFD1486C58}.Debug|Zune.ActiveCfg = Debug|x86
		{F88FEA7C-D876-4969-8AE0-07FFD1486C58}.Release|Any CPU.ActiveCfg = Release|x86
		{F88FEA7C-D876-4969-8AE0-07FFD1486C58}.Release|Mixed Platforms.ActiveCfg = Release|x86
		{F88FEA7C-D876-4969-8AE0-07FFD1486C58}.Release|x86.ActiveCfg = Release|x86
		{F88FEA7C-D876-4969-8AE0-07FFD1486C58}.Release|Xbox 360.ActiveCfg = Release|x86
		{F88FEA7C-D876-4969-8AE0-07FFD1486C58}.Release|Zune.ActiveCfg = Release|x86
		{AD2A5284-A291-4F88-B06C-E32F0D39BB78}.Debug|Any CPU.ActiveCfg = Debug|x86
		{AD2A5284-A291-4F88-B06C-E32F0D39BB78}.Debug|Mixed Platforms.ActiveCfg = Debug|x86
		{AD2A5284-A291-4F88-B06C-E32F0D39BB78}.Debug|x86.ActiveCfg = Debug|x86
		{AD2A5284-A291-4F88-B06C-E32F0D39BB78}.Debug|Xbox 360.ActiveCfg = Debug|x86
		{AD2A5284-A291-4F88-B06C-E32F0D39BB78}.Debug|Zune.ActiveCfg = Debug|x86
		{AD2A5284-A291-4F88-B06C-E32F0D39BB78}.Release|Any CPU.ActiveCfg = Release|x86
		{AD2A5284-A291-4F88-B06C-E32F0D39BB78}.Release|Mixed Platforms.ActiveCfg = Release|x86
		{AD2A5284-A291-4F88-B06C-E32F0D39BB78}.Release|x86.ActiveCfg = Release|x86
		{AD2A5284-A291-4F88-B06C-E32F0D39BB78}.Release|Xbox 360.ActiveCfg = Release|x86
		{AD2A5284-A291-4F88-B06C-E32F0D39BB78}.Release|Zune.ActiveCfg = Release|x86
		{C44BE819-51AC-4B92-A39D-123C01299EF3}.Debug|Any CPU.ActiveCfg = Debug|x86
		{C44BE819-51AC-4B92-A39D-123C01299EF3}.Debug|Mixed Platforms.ActiveCfg = Debug|x86
		{C44BE819-51AC-4B92-A39D-123C01299EF3}.Debug|Mixed Platforms.Build.0 = Debug|x86
		{C44BE819-51AC-4B92-A39D-123C01299EF3}.Debug|x86.ActiveCfg = Debug|x86
		{C44BE819-51AC-4B92-A39D-123C01299EF3}.Debug|x86.Build.0 = Debug|x86
		{C44BE819-51AC-4B92-A39D-123C01299EF3}.Debug|Xbox 360.ActiveCfg = Debug|x86
		{C44BE819-51AC-4B92-A39D-123C01299EF3}.Debug|Zune.ActiveCfg = Debug|x86
		{C44BE819-51AC-4B92-A39D-123C01299EF3}.Release|Any CPU.ActiveCfg = Release|x86
		{C44BE819-51AC-4B92-A39D-123C01299EF3}.Release|Mixed Platforms.ActiveCfg = Release|x86
		{C44BE819-51AC-4B92-A39D-123C01299EF3}.Release|Mixed Platforms.Build.0 = Release|x86
		{C44BE819-51AC-4B92-A39D-123C01299EF3}.Release|x86.ActiveCfg = Release|x86
		{C44BE819-51AC-4B92-A39D-123C01299EF3}.Release|x86.Build.0 = Release|x86
		{C44BE819-51AC-4B92-A39D-123C01299EF3}.Release|Xbox 360.ActiveCfg = Release|x86
		{C44BE819-51AC-4B92-A39D-123C01299EF3}.Release|Zune.ActiveCfg = Release|x86
		{841EB0BA-8821-4D65-8E83-C537D00DD364}.Debug|Any CPU.ActiveCfg = Debug|x86
		{841EB0BA-8821-4D65-8E83-C537D00DD364}.Debug|Mixed Platforms.ActiveCfg = Debug|x86
		{841EB0BA-8821-4D65-8E83-C537D00DD364}.Debug|x86.ActiveCfg = Debug|x86
		{841EB0BA-8821-4D65-8E83-C537D00DD364}.Debug|Xbox 360.ActiveCfg = Debug|x86
		{841EB0BA-8821-4D65-8E83-C537D00DD364}.Debug|Zune.ActiveCfg = Debug|x86
		{841EB0BA-8821-4D65-8E83-C537D00DD364}.Release|Any CPU.ActiveCfg = Release|x86
		{841EB0BA-8821-4D65-8E83-C537D00DD364}.Release|Mixed Platforms.ActiveCfg = Release|x86
		{841EB0BA-8821-4D65-8E83-C537D00DD364}.Release|x86.ActiveCfg = Release|x86
		{841EB0BA-8821-4D65-8E83-C537D00DD364}.Release|Xbox 360.ActiveCfg = Release|x86
		{841EB0BA-8821-4D65-8E83-C537D00DD364}.Release|Zune.ActiveCfg = Release|x86
		{1876CD6F-B8A6-4E66-8A18-F04EE09E17D7}.Debug|Any CPU.ActiveCfg = Debug|Xbox 360
		{1876CD6F-B8A6-4E66-8A18-F04EE09E17D7}.Debug|Mixed Platforms.ActiveCfg = Debug|Xbox 360
		{1876CD6F-B8A6-4E66-8A18-F04EE09E17D7}.Debug|Mixed Platforms.Build.0 = Debug|Xbox 360
		{1876CD6F-B8A6-4E66-8A18-F04EE09E17D7}.Debug|x86.ActiveCfg = Debug|Xbox 360
		{1876CD6F-B8A6-4E66-8A18-F04EE09E17D7}.Debug|Xbox 360.ActiveCfg = Debug|Xbox 360
		{1876CD6F-B8A6-4E66-8A18-F04EE09E17D7}.Debug|Xbox 360.Build.0 = Debug|Xbox 360
		{1876CD6F-B8A6-4E66-8A18-F04EE09E17D7}.Debug|Zune.ActiveCfg = Debug|Xbox 360
		{1876CD6F-B8A6-4E66-8A18-F04EE09E17D7}.Release|Any CPU.ActiveCfg = Release|Xbox 360
		{1876CD6F-B8A6-4E66-8A18-F04EE09E17D7}.Release|Mixed Platforms.ActiveCfg = Release|Xbox 360
		{1876CD6F-B8A6-4E66-8A18-F04EE09E17D7}.Release|Mixed Platforms.Build.0 = Release|Xbox 360
		{1876CD6F-B8A6-4E66-8A18-F04EE09E17D7}.Release|x86.ActiveCfg = Release|Xbox 360
		{1876CD6F-B8A6-4E66-8A18-F04EE09E17D7}.Release|Xbox 360.ActiveCfg = Release|Xbox 360
		{1876CD6F-B8A6-4E66-8A18-F04EE09E17D7}.Release|Xbox 360.Build.0 = Release|Xbox 360
		{1876CD6F-B8A6-4E66-8A18-F04EE09E17D7}.Release|Zune.ActiveCfg = Release|Xbox 360
		{0BB11D21-145F-47A4-AC89-713D43228635}.Debug|Any CPU.ActiveCfg = Debug|x86
		{0BB11D21-145F-47A4-AC89-713D43228635}.Debug|Mixed Platforms.ActiveCfg = Debug|x86
		{0BB11D21-145F-47A4-AC89-713D43228635}.Debug|Mixed Platforms.Build.0 = Debug|x86
		{0BB11D21-145F-47A4-AC89-713D43228635}.Debug|x86.ActiveCfg = Debug|x86
		{0BB11D21-145F-47A4-AC89-713D43228635}.Debug|x86.Build.0 = Debug|x86
		{0BB11D21-145F-47A4-AC89-713D43228635}.Debug|Xbox 360.ActiveCfg = Debug|x86
		{0BB11D21-145F-47A4-AC89-713D43228635}.Debug|Zune.ActiveCfg = Debug|x86
		{0BB11D21-145F-47A4-AC89-713D43228635}.Release|Any CPU.ActiveCfg = Release|x86
		{0BB11D21-145F-47A4-AC89-713D43228635}.Release|Mixed Platforms.ActiveCfg = Release|x86
		{0BB11D21-145F-47A4-AC89-713D43228635}.Release|Mixed Platforms.Build.0 = Release|x86
		{0BB11D21-145F-47A4-AC89-713D43228635}.Release|x86.ActiveCfg = Release|x86
		{0BB11D21-145F-47A4-AC89-713D43228635}.Release|x86.Build.0 = Release|x86
		{0BB11D21-145F-47A4-AC89-713D43228635}.Release|Xbox 360.ActiveCfg = Release|x86
		{0BB11D21-145F-47A4-AC89-713D43228635}.Release|Zune.ActiveCfg = Release|x86
		{4B544023-DC42-4380-8CA8-49E5DFD7BCAA}.Debug|Any CPU.ActiveCfg = Debug|x86
		{4B544023-DC42-4380-8CA8-49E5DFD7BCAA}.Debug|Mixed Platforms.ActiveCfg = Debug|x86
		{4B544023-DC42-4380-8CA8-49E5DFD7BCAA}.Debug|x86.ActiveCfg = Debug|x86
		{4B544023-DC42-4380-8CA8-49E5DFD7BCAA}.Debug|Xbox 360.ActiveCfg = Debug|x86
		{4B544023-DC42-4380-8CA8-49E5DFD7BCAA}.Debug|Zune.ActiveCfg = Debug|x86
		{4B544023-DC42-4380-8CA8-49E5DFD7BCAA}.Release|Any CPU.ActiveCfg = Release|x86
		{4B544023-DC42-4380-8CA8-49E5DFD7BCAA}.Release|Mixed Platforms.ActiveCfg = Release|x86
		{4B544023-DC42-4380-8CA8-49E5DFD7BCAA}.Release|x86.ActiveCfg = Release|x86
		{4B544023-DC42-4380-8CA8-49E5DFD7BCAA}.Release|Xbox 360.ActiveCfg = Release|x86
		{4B544023-DC42-4380-8CA8-49E5DFD7BCAA}.Release|Zune.ActiveCfg = Release|x86
		{6427C3E7-250A-4F5D-88B0-F22F230E6F9D}.Debug|Any CPU.ActiveCfg = Debug|Xbox 360
		{6427C3E7-250A-4F5D-88B0-F22F230E6F9D}.Debug|Mixed Platforms.ActiveCfg = Debug|Xbox 360
		{6427C3E7-250A-4F5D-88B0-F22F230E6F9D}.Debug|Mixed Platforms.Build.0 = Debug|Xbox 360
		{6427C3E7-250A-4F5D-88B0-F22F230E6F9D}.Debug|x86.ActiveCfg = Debug|Xbox 360
		{6427C3E7-250A-4F5D-88B0-F22F230E6F9D}.Debug|Xbox 360.ActiveCfg = Debug|Xbox 360
		{6427C3E7-250A-4F5D-88B0-F22F230E6F9D}.Debug|Xbox 360.Build.0 = Debug|Xbox 360
		{6427C3E7-250A-4F5D-88B0-F22F230E6F9D}.Debug|Zune.ActiveCfg = Debug|Xbox 360
		{6427C3E7-250A-4F5D-88B0-F22F230E6F9D}.Release|Any CPU.ActiveCfg = Release|Xbox 360
		{6427C3E7-250A-4F5D-88B0-F22F230E6F9D}.Release|Mixed Platforms.ActiveCfg = Release|Xbox 360
		{6427C3E7-250A-4F5D-88B0-F22F230E6F9D}.Release|Mixed Platforms.Build.0 = Release|Xbox 360
		{6427C3E7-250A-4F5D-88B0-F22F230E6F9D}.Release|x86.ActiveCfg = Release|Xbox 360
		{6427C3E7-250A-4F5D-88B0-F22F230E6F9D}.Release|Xbox 360.ActiveCfg = Release|Xbox 360
		{6427C3E7-250A-4F5D-88B0-F22F230E6F9D}.Release|Xbox 360.Build.0 = Release|Xbox 360
		{6427C3E7-250A-4F5D-88B0-F22F230E6F9D}.Release|Zune.ActiveCfg = Release|Xbox 360
		{F273AD46-FE97-46D6-86F3-ECC85D771841}.Debug|Any CPU.ActiveCfg = Debug|x86
		{F273AD46-FE97-46D6-86F3-ECC85D771841}.Debug|Mixed Platforms.ActiveCfg = Debug|x86
		{F273AD46-FE97-46D6-86F3-ECC85D771841}.Debug|Mixed Platforms.Build.0 = Debug|x86
		{F273AD46-FE97-46D6-86F3-ECC85D771841}.Debug|x86.ActiveCfg = Debug|x86
		{F273AD46-FE97-46D6-86F3-ECC85D771841}.Debug|x86.Build.0 = Debug|x86
		{F273AD46-FE97-46D6-86F3-ECC85D771841}.Debug|Xbox 360.ActiveCfg = Debug|x86
		{F273AD46-FE97-46D6-86F3-ECC85D771841}.Debug|Zune.ActiveCfg = Debug|x86
		{F273AD46-FE97-46D6-86F3-ECC85D771841}.Release|Any CPU.ActiveCfg = Release|x86
		{F273AD46-FE97-46D6-86F3-ECC85D771841}.Release|Mixed Platforms.ActiveCfg = Release|x86
		{F273AD46-FE97-46D6-86F3-ECC85D771841}.Release|Mixed Platforms.Build.0 = Release|x86
		{F273AD46-FE97-46D6-86F3-ECC85D771841}.Release|x86.ActiveCfg = Release|x86
		{F273AD46-FE97-46D6-86F3-ECC85D771841}.Release|x86.Build.0 = Release|x86
		{F273AD46-FE97-46D6-86F3-ECC85D771841}.Release|Xbox 360.ActiveCfg = Release|x86
		{F273AD46-FE97-46D6-86F3-ECC85D771841}.Release|Zune.ActiveCfg = Release|x86
		{DDCDE80C-2528-45EB-A9E1-EAE36815C1B7}.Debug|Any CPU.ActiveCfg = Debug|x86
		{DDCDE80C-2528-45EB-A9E1-EAE36815C1B7}.Debug|Mixed Platforms.ActiveCfg = Debug|x86
		{DDCDE80C-2528-45EB-A9E1-EAE36815C1B7}.Debug|x86.ActiveCfg = Debug|x86
		{DDCDE80C-2528-45EB-A9E1-EAE36815C1B7}.Debug|Xbox 360.ActiveCfg = Debug|x86
		{DDCDE80C-2528-45EB-A9E1-EAE36815C1B7}.Debug|Zune.ActiveCfg = Debug|x86
		{DDCDE80C-2528-45EB-A9E1-EAE36815C1B7}.Release|Any CPU.ActiveCfg = Release|x86
		{DDCDE80C-2528-45EB-A9E1-EAE36815C1B7}.Release|Mixed Platforms.ActiveCfg = Release|x86
		{DDCDE80C-2528-45EB-A9E1-EAE36815C1B7}.Release|x86.ActiveCfg = Release|x86
		{DDCDE80C-2528-45EB-A9E1-EAE36815C1B7}.Release|Xbox 360.ActiveCfg = Release|x86
		{DDCDE80C-2528-45EB-A9E1-EAE36815C1B7}.Release|Zune.ActiveCfg = Release|x86
		{24293460-87E2-4A5F-B3B1-FF14EE0CFD50}.Debug|Any CPU.ActiveCfg = Debug|Xbox 360
		{24293460-87E2-4A5F-B3B1-FF14EE0CFD50}.Debug|Mixed Platforms.ActiveCfg = Debug|Xbox 360
		{24293460-87E2-4A5F-B3B1-FF14EE0CFD50}.Debug|Mixed Platforms.Build.0 = Debug|Xbox 360
		{24293460-87E2-4A5F-B3B1-FF14EE0CFD50}.Debug|x86.ActiveCfg = Debug|Xbox 360
		{24293460-87E2-4A5F-B3B1-FF14EE0CFD50}.Debug|Xbox 360.ActiveCfg = Debug|Xbox 360
		{24293460-87E2-4A5F-B3B1-FF14EE0CFD50}.Debug|Xbox 360.Build.0 = Debug|Xbox 360
		{24293460-87E2-4A5F-B3B1-FF14EE0CFD50}.Debug|Zune.ActiveCfg = Debug|Xbox 360
		{24293460-87E2-4A5F-B3B1-FF14EE0CFD50}.Release|Any CPU.ActiveCfg = Release|Xbox 360
		{24293460-87E2-4A5F-B3B1-FF14EE0CFD50}.Release|Mixed Platforms.ActiveCfg = Release|Xbox 360
		{24293460-87E2-4A5F-B3B1-FF14EE0CFD50}.Release|Mixed Platforms.Build.0 = Release|Xbox 360
		{24293460-87E2-4A5F-B3B1-FF14EE0CFD50}.Release|x86.ActiveCfg = Release|Xbox 360
		{24293460-87E2-4A5F-B3B1-FF14EE0CFD50}.Release|Xbox 360.ActiveCfg = Release|Xbox 360
		{24293460-87E2-4A5F-B3B1-FF14EE0CFD50}.Release|Xbox 360.Build.0 = Release|Xbox 360
		{24293460-87E2-4A5F-B3B1-FF14EE0CFD50}.Release|Zune.ActiveCfg = Release|Xbox 360
		{6679B885-8D10-41FC-8D54-2D6F64C3F74F}.Debug|Any CPU.ActiveCfg = Debug|x86
		{6679B885-8D10-41FC-8D54-2D6F64C3F74F}.Debug|Mixed Platforms.ActiveCfg = Debug|x86
		{6679B885-8D10-41FC-8D54-2D6F64C3F74F}.Debug|Mixed Platforms.Build.0 = Debug|x86
		{6679B885-8D10-41FC-8D54-2D6F64C3F74F}.Debug|x86.ActiveCfg = Debug|x86
		{6679B885-8D10-41FC-8D54-2D6F64C3F74F}.Debug|x86.Build.0 = Debug|x86
		{6679B885-8D10-41FC-8D54-2D6F64C3F74F}.Debug|Xbox 360.ActiveCfg = Debug|x86
		{6679B885-8D10-41FC-8D54-2D6F64C3F74F}.Debug|Zune.ActiveCfg = Debug|x86
		{6679B885-8D10-41FC-8D54-2D6F64C3F74F}.Release|Any CPU.ActiveCfg = Release|x86
		{6679B885-8D10-41FC-8D54-2D6F64C3F74F}.Release|Mixed Platforms.ActiveCfg = Release|x86
		{6679B885-8D10-41FC-8D54-2D6F64C3F74F}.Release|Mixed Platforms.Build.0 = Release|x86
		{6679B885-8D10-41FC-8D54-2D6F64C3F74F}.Release|x86.ActiveCfg = Release|x86
		{6679B885-8D10-41FC-8D54-2D6F64C3F74F}.Release|x86.Build.0 = Release|x86
		{6679B885-8D10-41FC-8D54-2D6F64C3F74F}.Release|Xbox 360.ActiveCfg = Release|x86
		{6679B885-8D10-41FC-8D54-2D6F64C3F74F}.Release|Zune.ActiveCfg = Release|x86
		{5E3739DA-8DFD-4486-BA34-6DB06FBC5D4F}.Debug|Any CPU.ActiveCfg = Debug|x86
		{5E3739DA-8DFD-4486-BA34-6DB06FBC5D4F}.Debug|Mixed Platforms.ActiveCfg = Debug|x86
		{5E3739DA-8DFD-4486-BA34-6DB06FBC5D4F}.Debug|x86.ActiveCfg = Debug|x86
		{5E3739DA-8DFD-4486-BA34-6DB06FBC5D4F}.Debug|Xbox 360.ActiveCfg = Debug|x86
		{5E3739DA-8DFD-4486-BA34-6DB06FBC5D4F}.Debug|Zune.ActiveCfg = Debug|x86
		{5E3739DA-8DFD-4486-BA34-6DB06FBC5D4F}.Release|Any CPU.ActiveCfg = Release|x86
		{5E3739DA-8DFD-4486-BA34-6DB06FBC5D4F}.Release|Mixed Platforms.ActiveCfg = Release|x86
		{5E3739DA-8DFD-4486-BA34-6DB06FBC5D4F}.Release|x86.ActiveCfg = Release|x86
		{5E3739DA-8DFD-4486-BA34-6DB06FBC5D4F}.Release|Xbox 360.ActiveCfg = Release|x86
		{5E3739DA-8DFD-4486-BA34-6DB06FBC5D4F}.Release|Zune.ActiveCfg = Release|x86
		{4FB88752-EEDB-476E-859E-825FDC83F567}.Debug|Any CPU.ActiveCfg = Debug|Xbox 360
		{4FB88752-EEDB-476E-859E-825FDC83F567}.Debug|Mixed Platforms.ActiveCfg = Debug|Xbox 360
		{4FB88752-EEDB-476E-859E-825FDC83F567}.Debug|Mixed Platforms.Build.0 = Debug|Xbox 360
		{4FB88752-EEDB-476E-859E-825FDC83F567}.Debug|x86.ActiveCfg = Debug|Xbox 360
		{4FB88752-EEDB-476E-859E-825FDC83F567}.Debug|Xbox 360.ActiveCfg = Debug|Xbox 360
		{4FB88752-EEDB-476E-859E-825FDC83F567}.Debug|Xbox 360.Build.0 = Debug|Xbox 360
		{4FB88752-EEDB-476E-859E-825FDC83F567}.Debug|Zune.ActiveCfg = Debug|Xbox 360
		{4FB88752-EEDB-476E-859E-825FDC83F567}.Release|Any CPU.ActiveCfg = Release|Xbox 360
		{4FB88752-EEDB-476E-859E-825FDC83F567}.Release|Mixed Platforms.ActiveCfg = Release|Xbox 360
		{4FB88752-EEDB-476E-859E-825FDC83F567}.Release|Mixed Platforms.Build.0 = Release|Xbox 360
		{4FB88752-EEDB-476E-859E-825FDC83F567}.Release|x86.ActiveCfg = Release|Xbox 360
		{4FB88752-EEDB-476E-859E-825FDC83F567}.Release|Xbox 360.ActiveCfg = Release|Xbox 360
		{4FB88752-EEDB-476E-859E-825FDC83F567}.Release|Xbox 360.Build.0 = Release|Xbox 360
		{4FB88752-EEDB-476E-859E-825FDC83F567}.Release|Zune.ActiveCfg = Release|Xbox 360
		{F8B400EE-C71F-4F81-9AF2-170F728F03B1}.Debug|Any CPU.ActiveCfg = Debug|x86
		{F8B400EE-C71F-4F81-9AF2-170F728F03B1}.Debug|Mixed Platforms.ActiveCfg = Debug|x86
		{F8B400EE-C71F-4F81-9AF2-170F728F03B1}.Debug|Mixed Platforms.Build.0 = Debug|x86
		{F8B400EE-C71F-4F81-9AF2-170F728F03B1}.Debug|x86.ActiveCfg = Debug|x86
		{F8B400EE-C71F-4F81-9AF2-170F728F03B1}.Debug|x86.Build.0 = Debug|x86
		{F8B400EE-C71F-4F81-9AF2-170F728F03B1}.Debug|Xbox 360.ActiveCfg = Debug|x86
		{F8B400EE-C71F-4F81-9AF2-170F728F03B1}.Debug|Zune.ActiveCfg = Debug|x86
		{F8B400EE-C71F-4F81-9AF2-170F728F03B1}.Release|Any CPU.ActiveCfg = Release|x86
		{F8B400EE-C71F-4F81-9AF2-170F728F03B1}.Release|Mixed Platforms.ActiveCfg = Release|x86
		{F8B400EE-C71F-4F81-9AF2-170F728F03B1}.Release|Mixed Platforms.Build.0 = Release|x86
		{F8B400EE-C71F-4F81-9AF2-170F728F03B1}.Release|x86.ActiveCfg = Release|x86
		{F8B400EE-C71F-4F81-9AF2-170F728F03B1}.Release|x86.Build.0 = Release|x86
		{F8B400EE-C71F-4F81-9AF2-170F728F03B1}.Release|Xbox 360.ActiveCfg = Release|x86
		{F8B400EE-C71F-4F81-9AF2-170F728F03B1}.Release|Zune.ActiveCfg = Release|x86
		{1546E642-A09F-455E-A84E-BA956CD721BD}.Debug|Any CPU.ActiveCfg = Debug|x86
		{1546E642-A09F-455E-A84E-BA956CD721BD}.Debug|Mixed Platforms.ActiveCfg = Debug|x86
		{1546E642-A09F-455E-A84E-BA956CD721BD}.Debug|x86.ActiveCfg = Debug|x86
		{1546E642-A09F-455E-A84E-BA956CD721BD}.Debug|Xbox 360.ActiveCfg = Debug|x86
		{1546E642-A09F-455E-A84E-BA956CD721BD}.Debug|Zune.ActiveCfg = Debug|x86
		{1546E642-A09F-455E-A84E-BA956CD721BD}.Release|Any CPU.ActiveCfg = Release|x86
		{1546E642-A09F-455E-A84E-BA956CD721BD}.Release|Mixed Platforms.ActiveCfg = Release|x86
		{1546E642-A09F-455E-A84E-BA956CD721BD}.Release|x86.ActiveCfg = Release|x86
		{1546E642-A09F-455E-A84E-BA956CD721BD}.Release|Xbox 360.ActiveCfg = Release|x86
		{1546E642-A09F-455E-A84E-BA956CD721BD}.Release|Zune.ActiveCfg = Release|x86
		{8F0BE983-4D7E-4A47-BD63-5CB9A8E82185}.Debug|Any CPU.ActiveCfg = Debug|Xbox 360
		{8F0BE983-4D7E-4A47-BD63-5CB9A8E82185}.Debug|Mixed Platforms.ActiveCfg = Debug|Xbox 360
		{8F0BE983-4D7E-4A47-BD63-5CB9A8E82185}.Debug|Mixed Platforms.Build.0 = Debug|Xbox 360
		{8F0BE983-4D7E-4A47-BD63-5CB9A8E82185}.Debug|x86.ActiveCfg = Debug|Xbox 360
		{8F0BE983-4D7E-4A47-BD63-5CB9A8E82185}.Debug|Xbox 360.ActiveCfg = Debug|Xbox 360
		{8F0BE983-4D7E-4A47-BD63-5CB9A8E82185}.Debug|Xbox 360.Build.0 = Debug|Xbox 360
		{8F0BE983-4D7E-4A47-BD63-5CB9A8E82185}.Debug|Zune.ActiveCfg = Debug|Xbox 360
		{8F0BE983-4D7E-4A47-BD63-5CB9A8E82185}.Release|Any CPU.ActiveCfg = Release|Xbox 360
		{8F0BE983-4D7E-4A47-BD63-5CB9A8E82185}.Release|Mixed Platforms.ActiveCfg = Release|Xbox 360
		{8F0BE983-4D7E-4A47-BD63-5CB9A8E82185}.Release|Mixed Platforms.Build.0 = Release|Xbox 360
		{8F0BE983-4D7E-4A47-BD63-5CB9A8E82185}.Release|x86.ActiveCfg = Release|Xbox 360
		{8F0BE983-4D7E-4A47-BD63-5CB9A8E82185}.Release|Xbox 360.ActiveCfg = Release|Xbox 360
		{8F0BE983-4D7E-4A47-BD63-5CB9A8E82185}.Release|Xbox 360.Build.0 = Release|Xbox 360
		{8F0BE983-4D7E-4A47-BD63-5CB9A8E82185}.Release|Zune.ActiveCfg = Release|Xbox 360
	EndGlobalSection
	GlobalSection(SolutionProperties) = preSolution
		HideSolutionNode = FALSE
	EndGlobalSection
	GlobalSection(NestedProjects) = preSolution
		{656921DA-A577-47A3-ABB1-AEB3EE442371} = {5CFEFDAA-1FA7-4F8A-A068-B57C1B3B7DBB}
		{5E1B4EDB-EE67-48C3-9A28-45707F720945} = {5CFEFDAA-1FA7-4F8A-A068-B57C1B3B7DBB}
		{06EC9914-93B9-4983-A27C-4AD473D1C17D} = {5CFEFDAA-1FA7-4F8A-A068-B57C1B3B7DBB}
		{B53042AE-FBE8-4F01-B732-C25F25DBA594} = {5CFEFDAA-1FA7-4F8A-A068-B57C1B3B7DBB}
		{0BB11D21-145F-47A4-AC89-713D43228635} = {5CFEFDAA-1FA7-4F8A-A068-B57C1B3B7DBB}
		{A2EC5D62-5E19-4E03-A149-DBAB64DAF877} = {3E720A4E-CF89-477C-ABBA-4972D640D4E0}
		{6679B885-8D10-41FC-8D54-2D6F64C3F74F} = {3E720A4E-CF89-477C-ABBA-4972D640D4E0}
		{8093CA9F-1AA7-4F15-8E07-ABEB49B4582D} = {CC526118-A507-4184-9787-B90B259A5B5F}
		{E47952F3-694A-4A06-B6F3-66EE2D6FF01F} = {CC526118-A507-4184-9787-B90B259A5B5F}
		{94EB75CB-2EC0-44E5-BAA5-CACD33EF4F62} = {38B7B31B-E698-4C0E-9E49-F4E3A5CBE4BE}
		{F273AD46-FE97-46D6-86F3-ECC85D771841} = {38B7B31B-E698-4C0E-9E49-F4E3A5CBE4BE}
		{273CD9D4-780E-4967-B518-4E9FCCFA7F9D} = {A424FB05-3265-4F27-9967-AFD74464B27A}
		{B8D71FAD-B43D-49C9-9C46-615D47EF9E83} = {A424FB05-3265-4F27-9967-AFD74464B27A}
		{C44BE819-51AC-4B92-A39D-123C01299EF3} = {A424FB05-3265-4F27-9967-AFD74464B27A}
		{51232812-76D5-44E6-A0C4-A23070A3DF7D} = {362925B9-7DFE-498B-B2B4-1DB7DB4C1E90}
		{C9F8C76F-669B-423E-B1C1-2088BF599B5A} = {362925B9-7DFE-498B-B2B4-1DB7DB4C1E90}
		{5CDAEA1A-A23C-4A98-B8CC-84F77B0DBC6C} = {362925B9-7DFE-498B-B2B4-1DB7DB4C1E90}
		{1EF3A833-B7A7-4498-B00E-1A6FB054D2D6} = {362925B9-7DFE-498B-B2B4-1DB7DB4C1E90}
		{455B0C11-236A-4A4E-956F-1A3E41B7260B} = {076DC133-E322-4030-A17D-2F93F1F4EAF1}
		{84CCB653-E4BA-4AF0-9B77-7AA42E18F0F2} = {076DC133-E322-4030-A17D-2F93F1F4EAF1}
		{CDC059C9-7F7C-49B3-85B6-3C1056BA4495} = {076DC133-E322-4030-A17D-2F93F1F4EAF1}
		{BEE9A6ED-DFD6-4343-989C-3C11387FB1EF} = {710E72CB-D78E-4BE1-91E4-45AFC3243632}
		{67716C96-5215-4ECD-BE78-EA5D65F1D4D4} = {710E72CB-D78E-4BE1-91E4-45AFC3243632}
		{F8B400EE-C71F-4F81-9AF2-170F728F03B1} = {710E72CB-D78E-4BE1-91E4-45AFC3243632}
		{8AAAB1D0-6C1D-4F92-851B-56D4611A6D1E} = {84CCB653-E4BA-4AF0-9B77-7AA42E18F0F2}
		{199AA449-800E-4908-BF49-778990A2983A} = {84CCB653-E4BA-4AF0-9B77-7AA42E18F0F2}
		{3A54A351-A089-4AA7-BD92-F8CE7CD44B31} = {0C405C82-B7D8-47FE-B1CA-411B55445642}
	EndGlobalSection
EndGlobal
